// !$*UTF8*$!
{
	archiveVersion = 1;
	classes = {
	};
	objectVersion = 55;
	objects = {

/* Begin PBXBuildFile section */
		0491A4E9278FA85D00912235 /* ButtonViewController.swift in Sources */ = {isa = PBXBuildFile; fileRef = 0491A4E8278FA85D00912235 /* ButtonViewController.swift */; };
		0491A4EB278FAE0700912235 /* DetailViewController.swift in Sources */ = {isa = PBXBuildFile; fileRef = 0491A4EA278FAE0700912235 /* DetailViewController.swift */; };
		0491A4ED278FB6D600912235 /* ChatViewController.swift in Sources */ = {isa = PBXBuildFile; fileRef = 0491A4EC278FB6D600912235 /* ChatViewController.swift */; };
		0491A4F327906B5600912235 /* MyChatTableViewCell.swift in Sources */ = {isa = PBXBuildFile; fileRef = 0491A4F227906B5600912235 /* MyChatTableViewCell.swift */; };
		0491A4F627906DF400912235 /* SnapKit in Frameworks */ = {isa = PBXBuildFile; productRef = 0491A4F527906DF400912235 /* SnapKit */; };
		0491A4F8279070FE00912235 /* YourChatTableViewCell.swift in Sources */ = {isa = PBXBuildFile; fileRef = 0491A4F7279070FE00912235 /* YourChatTableViewCell.swift */; };
		04B96EE3278BB1CF009C4DB5 /* AppDelegate.swift in Sources */ = {isa = PBXBuildFile; fileRef = 04B96EE2278BB1CF009C4DB5 /* AppDelegate.swift */; };
		04B96EE5278BB1CF009C4DB5 /* SceneDelegate.swift in Sources */ = {isa = PBXBuildFile; fileRef = 04B96EE4278BB1CF009C4DB5 /* SceneDelegate.swift */; };
		04B96EE7278BB1CF009C4DB5 /* ViewController.swift in Sources */ = {isa = PBXBuildFile; fileRef = 04B96EE6278BB1CF009C4DB5 /* ViewController.swift */; };
		04B96EEA278BB1CF009C4DB5 /* Main.storyboard in Resources */ = {isa = PBXBuildFile; fileRef = 04B96EE8278BB1CF009C4DB5 /* Main.storyboard */; };
		04B96EEC278BB1D1009C4DB5 /* Assets.xcassets in Resources */ = {isa = PBXBuildFile; fileRef = 04B96EEB278BB1D1009C4DB5 /* Assets.xcassets */; };
		04B96EEF278BB1D1009C4DB5 /* LaunchScreen.storyboard in Resources */ = {isa = PBXBuildFile; fileRef = 04B96EED278BB1D1009C4DB5 /* LaunchScreen.storyboard */; };
		04B96EF7278BD295009C4DB5 /* SwizzlingViewController.swift in Sources */ = {isa = PBXBuildFile; fileRef = 04B96EF6278BD295009C4DB5 /* SwizzlingViewController.swift */; };
		04DC32F3278E5C550035E357 /* ConcurrencyViewController.swift in Sources */ = {isa = PBXBuildFile; fileRef = 04DC32F2278E5C550035E357 /* ConcurrencyViewController.swift */; };
/* End PBXBuildFile section */

/* Begin PBXFileReference section */
		0491A4E8278FA85D00912235 /* ButtonViewController.swift */ = {isa = PBXFileReference; lastKnownFileType = sourcecode.swift; path = ButtonViewController.swift; sourceTree = "<group>"; };
		0491A4EA278FAE0700912235 /* DetailViewController.swift */ = {isa = PBXFileReference; lastKnownFileType = sourcecode.swift; path = DetailViewController.swift; sourceTree = "<group>"; };
		0491A4EC278FB6D600912235 /* ChatViewController.swift */ = {isa = PBXFileReference; lastKnownFileType = sourcecode.swift; path = ChatViewController.swift; sourceTree = "<group>"; };
		0491A4F227906B5600912235 /* MyChatTableViewCell.swift */ = {isa = PBXFileReference; lastKnownFileType = sourcecode.swift; path = MyChatTableViewCell.swift; sourceTree = "<group>"; };
		0491A4F7279070FE00912235 /* YourChatTableViewCell.swift */ = {isa = PBXFileReference; lastKnownFileType = sourcecode.swift; path = YourChatTableViewCell.swift; sourceTree = "<group>"; };
		04B96EDF278BB1CF009C4DB5 /* SeSAC_week16.app */ = {isa = PBXFileReference; explicitFileType = wrapper.application; includeInIndex = 0; path = SeSAC_week16.app; sourceTree = BUILT_PRODUCTS_DIR; };
		04B96EE2278BB1CF009C4DB5 /* AppDelegate.swift */ = {isa = PBXFileReference; lastKnownFileType = sourcecode.swift; path = AppDelegate.swift; sourceTree = "<group>"; };
		04B96EE4278BB1CF009C4DB5 /* SceneDelegate.swift */ = {isa = PBXFileReference; lastKnownFileType = sourcecode.swift; path = SceneDelegate.swift; sourceTree = "<group>"; };
		04B96EE6278BB1CF009C4DB5 /* ViewController.swift */ = {isa = PBXFileReference; lastKnownFileType = sourcecode.swift; path = ViewController.swift; sourceTree = "<group>"; };
		04B96EE9278BB1CF009C4DB5 /* Base */ = {isa = PBXFileReference; lastKnownFileType = file.storyboard; name = Base; path = Base.lproj/Main.storyboard; sourceTree = "<group>"; };
		04B96EEB278BB1D1009C4DB5 /* Assets.xcassets */ = {isa = PBXFileReference; lastKnownFileType = folder.assetcatalog; path = Assets.xcassets; sourceTree = "<group>"; };
		04B96EEE278BB1D1009C4DB5 /* Base */ = {isa = PBXFileReference; lastKnownFileType = file.storyboard; name = Base; path = Base.lproj/LaunchScreen.storyboard; sourceTree = "<group>"; };
		04B96EF0278BB1D1009C4DB5 /* Info.plist */ = {isa = PBXFileReference; lastKnownFileType = text.plist.xml; path = Info.plist; sourceTree = "<group>"; };
		04B96EF6278BD295009C4DB5 /* SwizzlingViewController.swift */ = {isa = PBXFileReference; lastKnownFileType = sourcecode.swift; path = SwizzlingViewController.swift; sourceTree = "<group>"; };
		04DC32F2278E5C550035E357 /* ConcurrencyViewController.swift */ = {isa = PBXFileReference; lastKnownFileType = sourcecode.swift; path = ConcurrencyViewController.swift; sourceTree = "<group>"; };
/* End PBXFileReference section */

/* Begin PBXFrameworksBuildPhase section */
		04B96EDC278BB1CF009C4DB5 /* Frameworks */ = {
			isa = PBXFrameworksBuildPhase;
			buildActionMask = 2147483647;
			files = (
				0491A4F627906DF400912235 /* SnapKit in Frameworks */,
			);
			runOnlyForDeploymentPostprocessing = 0;
		};
/* End PBXFrameworksBuildPhase section */

/* Begin PBXGroup section */
		04B96ED6278BB1CF009C4DB5 = {
			isa = PBXGroup;
			children = (
				04B96EE1278BB1CF009C4DB5 /* SeSAC_week16 */,
				04B96EE0278BB1CF009C4DB5 /* Products */,
			);
			sourceTree = "<group>";
		};
		04B96EE0278BB1CF009C4DB5 /* Products */ = {
			isa = PBXGroup;
			children = (
				04B96EDF278BB1CF009C4DB5 /* SeSAC_week16.app */,
			);
			name = Products;
			sourceTree = "<group>";
		};
		04B96EE1278BB1CF009C4DB5 /* SeSAC_week16 */ = {
			isa = PBXGroup;
			children = (
				04B96EE2278BB1CF009C4DB5 /* AppDelegate.swift */,
				04B96EE4278BB1CF009C4DB5 /* SceneDelegate.swift */,
				04B96EE6278BB1CF009C4DB5 /* ViewController.swift */,
				04B96EF6278BD295009C4DB5 /* SwizzlingViewController.swift */,
				04B96EE8278BB1CF009C4DB5 /* Main.storyboard */,
				04DC32F2278E5C550035E357 /* ConcurrencyViewController.swift */,
				0491A4E8278FA85D00912235 /* ButtonViewController.swift */,
				0491A4EA278FAE0700912235 /* DetailViewController.swift */,
				0491A4EC278FB6D600912235 /* ChatViewController.swift */,
				0491A4F227906B5600912235 /* MyChatTableViewCell.swift */,
				0491A4F7279070FE00912235 /* YourChatTableViewCell.swift */,
				04B96EEB278BB1D1009C4DB5 /* Assets.xcassets */,
				04B96EED278BB1D1009C4DB5 /* LaunchScreen.storyboard */,
				04B96EF0278BB1D1009C4DB5 /* Info.plist */,
			);
			path = SeSAC_week16;
			sourceTree = "<group>";
		};
/* End PBXGroup section */

/* Begin PBXNativeTarget section */
		04B96EDE278BB1CF009C4DB5 /* SeSAC_week16 */ = {
			isa = PBXNativeTarget;
			buildConfigurationList = 04B96EF3278BB1D1009C4DB5 /* Build configuration list for PBXNativeTarget "SeSAC_week16" */;
			buildPhases = (
				04B96EDB278BB1CF009C4DB5 /* Sources */,
				04B96EDC278BB1CF009C4DB5 /* Frameworks */,
				04B96EDD278BB1CF009C4DB5 /* Resources */,
			);
			buildRules = (
			);
			dependencies = (
			);
			name = SeSAC_week16;
			packageProductDependencies = (
				0491A4F527906DF400912235 /* SnapKit */,
			);
			productName = SeSAC_week16;
			productReference = 04B96EDF278BB1CF009C4DB5 /* SeSAC_week16.app */;
			productType = "com.apple.product-type.application";
		};
/* End PBXNativeTarget section */

/* Begin PBXProject section */
		04B96ED7278BB1CF009C4DB5 /* Project object */ = {
			isa = PBXProject;
			attributes = {
				BuildIndependentTargetsInParallel = 1;
				LastSwiftUpdateCheck = 1300;
				LastUpgradeCheck = 1300;
				TargetAttributes = {
					04B96EDE278BB1CF009C4DB5 = {
						CreatedOnToolsVersion = 13.0;
					};
				};
			};
			buildConfigurationList = 04B96EDA278BB1CF009C4DB5 /* Build configuration list for PBXProject "SeSAC_week16" */;
			compatibilityVersion = "Xcode 13.0";
			developmentRegion = en;
			hasScannedForEncodings = 0;
			knownRegions = (
				en,
				Base,
			);
			mainGroup = 04B96ED6278BB1CF009C4DB5;
			packageReferences = (
				0491A4F427906DF400912235 /* XCRemoteSwiftPackageReference "SnapKit" */,
			);
			productRefGroup = 04B96EE0278BB1CF009C4DB5 /* Products */;
			projectDirPath = "";
			projectRoot = "";
			targets = (
				04B96EDE278BB1CF009C4DB5 /* SeSAC_week16 */,
			);
		};
/* End PBXProject section */

/* Begin PBXResourcesBuildPhase section */
		04B96EDD278BB1CF009C4DB5 /* Resources */ = {
			isa = PBXResourcesBuildPhase;
			buildActionMask = 2147483647;
			files = (
				04B96EEF278BB1D1009C4DB5 /* LaunchScreen.storyboard in Resources */,
				04B96EEC278BB1D1009C4DB5 /* Assets.xcassets in Resources */,
				04B96EEA278BB1CF009C4DB5 /* Main.storyboard in Resources */,
			);
			runOnlyForDeploymentPostprocessing = 0;
		};
/* End PBXResourcesBuildPhase section */

/* Begin PBXSourcesBuildPhase section */
		04B96EDB278BB1CF009C4DB5 /* Sources */ = {
			isa = PBXSourcesBuildPhase;
			buildActionMask = 2147483647;
			files = (
				04DC32F3278E5C550035E357 /* ConcurrencyViewController.swift in Sources */,
				04B96EF7278BD295009C4DB5 /* SwizzlingViewController.swift in Sources */,
				0491A4ED278FB6D600912235 /* ChatViewController.swift in Sources */,
				04B96EE7278BB1CF009C4DB5 /* ViewController.swift in Sources */,
				04B96EE3278BB1CF009C4DB5 /* AppDelegate.swift in Sources */,
				0491A4E9278FA85D00912235 /* ButtonViewController.swift in Sources */,
				0491A4F8279070FE00912235 /* YourChatTableViewCell.swift in Sources */,
				04B96EE5278BB1CF009C4DB5 /* SceneDelegate.swift in Sources */,
				0491A4F327906B5600912235 /* MyChatTableViewCell.swift in Sources */,
				0491A4EB278FAE0700912235 /* DetailViewController.swift in Sources */,
			);
			runOnlyForDeploymentPostprocessing = 0;
		};
/* End PBXSourcesBuildPhase section */

/* Begin PBXVariantGroup section */
		04B96EE8278BB1CF009C4DB5 /* Main.storyboard */ = {
			isa = PBXVariantGroup;
			children = (
				04B96EE9278BB1CF009C4DB5 /* Base */,
			);
			name = Main.storyboard;
			sourceTree = "<group>";
		};
		04B96EED278BB1D1009C4DB5 /* LaunchScreen.storyboard */ = {
			isa = PBXVariantGroup;
			children = (
				04B96EEE278BB1D1009C4DB5 /* Base */,
			);
			name = LaunchScreen.storyboard;
			sourceTree = "<group>";
		};
/* End PBXVariantGroup section */

/* Begin XCBuildConfiguration section */
		04B96EF1278BB1D1009C4DB5 /* Debug */ = {
			isa = XCBuildConfiguration;
			buildSettings = {
				ALWAYS_SEARCH_USER_PATHS = NO;
				CLANG_ANALYZER_NONNULL = YES;
				CLANG_ANALYZER_NUMBER_OBJECT_CONVERSION = YES_AGGRESSIVE;
				CLANG_CXX_LANGUAGE_STANDARD = "gnu++17";
				CLANG_CXX_LIBRARY = "libc++";
				CLANG_ENABLE_MODULES = YES;
				CLANG_ENABLE_OBJC_ARC = YES;
				CLANG_ENABLE_OBJC_WEAK = YES;
				CLANG_WARN_BLOCK_CAPTURE_AUTORELEASING = YES;
				CLANG_WARN_BOOL_CONVERSION = YES;
				CLANG_WARN_COMMA = YES;
				CLANG_WARN_CONSTANT_CONVERSION = YES;
				CLANG_WARN_DEPRECATED_OBJC_IMPLEMENTATIONS = YES;
				CLANG_WARN_DIRECT_OBJC_ISA_USAGE = YES_ERROR;
				CLANG_WARN_DOCUMENTATION_COMMENTS = YES;
				CLANG_WARN_EMPTY_BODY = YES;
				CLANG_WARN_ENUM_CONVERSION = YES;
				CLANG_WARN_INFINITE_RECURSION = YES;
				CLANG_WARN_INT_CONVERSION = YES;
				CLANG_WARN_NON_LITERAL_NULL_CONVERSION = YES;
				CLANG_WARN_OBJC_IMPLICIT_RETAIN_SELF = YES;
				CLANG_WARN_OBJC_LITERAL_CONVERSION = YES;
				CLANG_WARN_OBJC_ROOT_CLASS = YES_ERROR;
				CLANG_WARN_QUOTED_INCLUDE_IN_FRAMEWORK_HEADER = YES;
				CLANG_WARN_RANGE_LOOP_ANALYSIS = YES;
				CLANG_WARN_STRICT_PROTOTYPES = YES;
				CLANG_WARN_SUSPICIOUS_MOVE = YES;
				CLANG_WARN_UNGUARDED_AVAILABILITY = YES_AGGRESSIVE;
				CLANG_WARN_UNREACHABLE_CODE = YES;
				CLANG_WARN__DUPLICATE_METHOD_MATCH = YES;
				COPY_PHASE_STRIP = NO;
				DEBUG_INFORMATION_FORMAT = dwarf;
				ENABLE_STRICT_OBJC_MSGSEND = YES;
				ENABLE_TESTABILITY = YES;
				GCC_C_LANGUAGE_STANDARD = gnu11;
				GCC_DYNAMIC_NO_PIC = NO;
				GCC_NO_COMMON_BLOCKS = YES;
				GCC_OPTIMIZATION_LEVEL = 0;
				GCC_PREPROCESSOR_DEFINITIONS = (
					"DEBUG=1",
					"$(inherited)",
				);
				GCC_WARN_64_TO_32_BIT_CONVERSION = YES;
				GCC_WARN_ABOUT_RETURN_TYPE = YES_ERROR;
				GCC_WARN_UNDECLARED_SELECTOR = YES;
				GCC_WARN_UNINITIALIZED_AUTOS = YES_AGGRESSIVE;
				GCC_WARN_UNUSED_FUNCTION = YES;
				GCC_WARN_UNUSED_VARIABLE = YES;
				IPHONEOS_DEPLOYMENT_TARGET = 15.0;
				MTL_ENABLE_DEBUG_INFO = INCLUDE_SOURCE;
				MTL_FAST_MATH = YES;
				ONLY_ACTIVE_ARCH = YES;
				SDKROOT = iphoneos;
				SWIFT_ACTIVE_COMPILATION_CONDITIONS = DEBUG;
				SWIFT_OPTIMIZATION_LEVEL = "-Onone";
			};
			name = Debug;
		};
		04B96EF2278BB1D1009C4DB5 /* Release */ = {
			isa = XCBuildConfiguration;
			buildSettings = {
				ALWAYS_SEARCH_USER_PATHS = NO;
				CLANG_ANALYZER_NONNULL = YES;
				CLANG_ANALYZER_NUMBER_OBJECT_CONVERSION = YES_AGGRESSIVE;
				CLANG_CXX_LANGUAGE_STANDARD = "gnu++17";
				CLANG_CXX_LIBRARY = "libc++";
				CLANG_ENABLE_MODULES = YES;
				CLANG_ENABLE_OBJC_ARC = YES;
				CLANG_ENABLE_OBJC_WEAK = YES;
				CLANG_WARN_BLOCK_CAPTURE_AUTORELEASING = YES;
				CLANG_WARN_BOOL_CONVERSION = YES;
				CLANG_WARN_COMMA = YES;
				CLANG_WARN_CONSTANT_CONVERSION = YES;
				CLANG_WARN_DEPRECATED_OBJC_IMPLEMENTATIONS = YES;
				CLANG_WARN_DIRECT_OBJC_ISA_USAGE = YES_ERROR;
				CLANG_WARN_DOCUMENTATION_COMMENTS = YES;
				CLANG_WARN_EMPTY_BODY = YES;
				CLANG_WARN_ENUM_CONVERSION = YES;
				CLANG_WARN_INFINITE_RECURSION = YES;
				CLANG_WARN_INT_CONVERSION = YES;
				CLANG_WARN_NON_LITERAL_NULL_CONVERSION = YES;
				CLANG_WARN_OBJC_IMPLICIT_RETAIN_SELF = YES;
				CLANG_WARN_OBJC_LITERAL_CONVERSION = YES;
				CLANG_WARN_OBJC_ROOT_CLASS = YES_ERROR;
				CLANG_WARN_QUOTED_INCLUDE_IN_FRAMEWORK_HEADER = YES;
				CLANG_WARN_RANGE_LOOP_ANALYSIS = YES;
				CLANG_WARN_STRICT_PROTOTYPES = YES;
				CLANG_WARN_SUSPICIOUS_MOVE = YES;
				CLANG_WARN_UNGUARDED_AVAILABILITY = YES_AGGRESSIVE;
				CLANG_WARN_UNREACHABLE_CODE = YES;
				CLANG_WARN__DUPLICATE_METHOD_MATCH = YES;
				COPY_PHASE_STRIP = NO;
				DEBUG_INFORMATION_FORMAT = "dwarf-with-dsym";
				ENABLE_NS_ASSERTIONS = NO;
				ENABLE_STRICT_OBJC_MSGSEND = YES;
				GCC_C_LANGUAGE_STANDARD = gnu11;
				GCC_NO_COMMON_BLOCKS = YES;
				GCC_WARN_64_TO_32_BIT_CONVERSION = YES;
				GCC_WARN_ABOUT_RETURN_TYPE = YES_ERROR;
				GCC_WARN_UNDECLARED_SELECTOR = YES;
				GCC_WARN_UNINITIALIZED_AUTOS = YES_AGGRESSIVE;
				GCC_WARN_UNUSED_FUNCTION = YES;
				GCC_WARN_UNUSED_VARIABLE = YES;
				IPHONEOS_DEPLOYMENT_TARGET = 15.0;
				MTL_ENABLE_DEBUG_INFO = NO;
				MTL_FAST_MATH = YES;
				SDKROOT = iphoneos;
				SWIFT_COMPILATION_MODE = wholemodule;
				SWIFT_OPTIMIZATION_LEVEL = "-O";
				VALIDATE_PRODUCT = YES;
			};
			name = Release;
		};
		04B96EF4278BB1D1009C4DB5 /* Debug */ = {
			isa = XCBuildConfiguration;
			buildSettings = {
				ASSETCATALOG_COMPILER_APPICON_NAME = AppIcon;
				ASSETCATALOG_COMPILER_GLOBAL_ACCENT_COLOR_NAME = AccentColor;
				CODE_SIGN_STYLE = Automatic;
				CURRENT_PROJECT_VERSION = 1;
				DEVELOPMENT_TEAM = HQ9MZ38KLH;
				GENERATE_INFOPLIST_FILE = YES;
				INFOPLIST_FILE = SeSAC_week16/Info.plist;
				INFOPLIST_KEY_UIApplicationSupportsIndirectInputEvents = YES;
				INFOPLIST_KEY_UILaunchStoryboardName = LaunchScreen;
				INFOPLIST_KEY_UIMainStoryboardFile = Main;
				INFOPLIST_KEY_UISupportedInterfaceOrientations_iPad = "UIInterfaceOrientationPortrait UIInterfaceOrientationPortraitUpsideDown UIInterfaceOrientationLandscapeLeft UIInterfaceOrientationLandscapeRight";
				INFOPLIST_KEY_UISupportedInterfaceOrientations_iPhone = "UIInterfaceOrientationPortrait UIInterfaceOrientationLandscapeLeft UIInterfaceOrientationLandscapeRight";
				LD_RUNPATH_SEARCH_PATHS = (
					"$(inherited)",
					"@executable_path/Frameworks",
				);
				MARKETING_VERSION = 1.0;
				PRODUCT_BUNDLE_IDENTIFIER = "com.kokojong.SeSAC-week16";
				PRODUCT_NAME = "$(TARGET_NAME)";
				SWIFT_EMIT_LOC_STRINGS = YES;
				SWIFT_VERSION = 5.0;
				TARGETED_DEVICE_FAMILY = "1,2";
			};
			name = Debug;
		};
		04B96EF5278BB1D1009C4DB5 /* Release */ = {
			isa = XCBuildConfiguration;
			buildSettings = {
				ASSETCATALOG_COMPILER_APPICON_NAME = AppIcon;
				ASSETCATALOG_COMPILER_GLOBAL_ACCENT_COLOR_NAME = AccentColor;
				CODE_SIGN_STYLE = Automatic;
				CURRENT_PROJECT_VERSION = 1;
				DEVELOPMENT_TEAM = HQ9MZ38KLH;
				GENERATE_INFOPLIST_FILE = YES;
				INFOPLIST_FILE = SeSAC_week16/Info.plist;
				INFOPLIST_KEY_UIApplicationSupportsIndirectInputEvents = YES;
				INFOPLIST_KEY_UILaunchStoryboardName = LaunchScreen;
				INFOPLIST_KEY_UIMainStoryboardFile = Main;
				INFOPLIST_KEY_UISupportedInterfaceOrientations_iPad = "UIInterfaceOrientationPortrait UIInterfaceOrientationPortraitUpsideDown UIInterfaceOrientationLandscapeLeft UIInterfaceOrientationLandscapeRight";
				INFOPLIST_KEY_UISupportedInterfaceOrientations_iPhone = "UIInterfaceOrientationPortrait UIInterfaceOrientationLandscapeLeft UIInterfaceOrientationLandscapeRight";
				LD_RUNPATH_SEARCH_PATHS = (
					"$(inherited)",
					"@executable_path/Frameworks",
				);
				MARKETING_VERSION = 1.0;
				PRODUCT_BUNDLE_IDENTIFIER = "com.kokojong.SeSAC-week16";
				PRODUCT_NAME = "$(TARGET_NAME)";
				SWIFT_EMIT_LOC_STRINGS = YES;
				SWIFT_VERSION = 5.0;
				TARGETED_DEVICE_FAMILY = "1,2";
			};
			name = Release;
		};
/* End XCBuildConfiguration section */

/* Begin XCConfigurationList section */
		04B96EDA278BB1CF009C4DB5 /* Build configuration list for PBXProject "SeSAC_week16" */ = {
			isa = XCConfigurationList;
			buildConfigurations = (
				04B96EF1278BB1D1009C4DB5 /* Debug */,
				04B96EF2278BB1D1009C4DB5 /* Release */,
			);
			defaultConfigurationIsVisible = 0;
			defaultConfigurationName = Release;
		};
		04B96EF3278BB1D1009C4DB5 /* Build configuration list for PBXNativeTarget "SeSAC_week16" */ = {
			isa = XCConfigurationList;
			buildConfigurations = (
				04B96EF4278BB1D1009C4DB5 /* Debug */,
				04B96EF5278BB1D1009C4DB5 /* Release */,
			);
			defaultConfigurationIsVisible = 0;
			defaultConfigurationName = Release;
		};
/* End XCConfigurationList section */

/* Begin XCRemoteSwiftPackageReference section */
		0491A4F427906DF400912235 /* XCRemoteSwiftPackageReference "SnapKit" */ = {
			isa = XCRemoteSwiftPackageReference;
			repositoryURL = "https://github.com/SnapKit/SnapKit.git";
			requirement = {
				kind = upToNextMajorVersion;
				minimumVersion = 5.0.0;
			};
		};
/* End XCRemoteSwiftPackageReference section */

/* Begin XCSwiftPackageProductDependency section */
		0491A4F527906DF400912235 /* SnapKit */ = {
			isa = XCSwiftPackageProductDependency;
			package = 0491A4F427906DF400912235 /* XCRemoteSwiftPackageReference "SnapKit" */;
			productName = SnapKit;
		};
/* End XCSwiftPackageProductDependency section */
	};
	rootObject = 04B96ED7278BB1CF009C4DB5 /* Project object */;
}
