// !$*UTF8*$!
{
	archiveVersion = 1;
	classes = {
	};
	objectVersion = 55;
	objects = {

/* Begin PBXBuildFile section */
		0425FA982767A91B000B736B /* GoogleService-Info.plist in Resources */ = {isa = PBXBuildFile; fileRef = 0425FA972767A91B000B736B /* GoogleService-Info.plist */; };
		046783C427455F6400C4C8AC /* AppDelegate.swift in Sources */ = {isa = PBXBuildFile; fileRef = 046783C327455F6400C4C8AC /* AppDelegate.swift */; };
		046783C627455F6400C4C8AC /* SceneDelegate.swift in Sources */ = {isa = PBXBuildFile; fileRef = 046783C527455F6400C4C8AC /* SceneDelegate.swift */; };
		046783CB27455F6400C4C8AC /* Main.storyboard in Resources */ = {isa = PBXBuildFile; fileRef = 046783C927455F6400C4C8AC /* Main.storyboard */; };
		046783CD27455F6600C4C8AC /* Assets.xcassets in Resources */ = {isa = PBXBuildFile; fileRef = 046783CC27455F6600C4C8AC /* Assets.xcassets */; };
		046783D027455F6600C4C8AC /* LaunchScreen.storyboard in Resources */ = {isa = PBXBuildFile; fileRef = 046783CE27455F6600C4C8AC /* LaunchScreen.storyboard */; };
		0469B17E2755FD0B000DDAD9 /* Toast in Frameworks */ = {isa = PBXBuildFile; productRef = 0469B17D2755FD0B000DDAD9 /* Toast */; };
		04B5B4C22745F8E100E368FD /* Home.storyboard in Resources */ = {isa = PBXBuildFile; fileRef = 04B5B4C12745F8E100E368FD /* Home.storyboard */; };
		04B5B4C42745F9E000E368FD /* HomeViewController.swift in Sources */ = {isa = PBXBuildFile; fileRef = 04B5B4C32745F9E000E368FD /* HomeViewController.swift */; };
		04B5B4C62746016A00E368FD /* Buy.storyboard in Resources */ = {isa = PBXBuildFile; fileRef = 04B5B4C52746016A00E368FD /* Buy.storyboard */; };
		04B5B4C82746018B00E368FD /* History.storyboard in Resources */ = {isa = PBXBuildFile; fileRef = 04B5B4C72746018B00E368FD /* History.storyboard */; };
		04B5B4CA2746019300E368FD /* Map.storyboard in Resources */ = {isa = PBXBuildFile; fileRef = 04B5B4C92746019300E368FD /* Map.storyboard */; };
		04B5B4CE274618EC00E368FD /* BuyViewController.swift in Sources */ = {isa = PBXBuildFile; fileRef = 04B5B4CD274618EC00E368FD /* BuyViewController.swift */; };
		04B5B4D0274618FA00E368FD /* HistoryViewController.swift in Sources */ = {isa = PBXBuildFile; fileRef = 04B5B4CF274618FA00E368FD /* HistoryViewController.swift */; };
		04B5B4D22746190E00E368FD /* MapViewController.swift in Sources */ = {isa = PBXBuildFile; fileRef = 04B5B4D12746190E00E368FD /* MapViewController.swift */; };
		04BAA38027476D8000C7BD8E /* RealmModel.swift in Sources */ = {isa = PBXBuildFile; fileRef = 04BAA37F27476D8000C7BD8E /* RealmModel.swift */; };
		04BAA38327476E3300C7BD8E /* Realm in Frameworks */ = {isa = PBXBuildFile; productRef = 04BAA38227476E3300C7BD8E /* Realm */; };
		04BAA38527476E3300C7BD8E /* RealmSwift in Frameworks */ = {isa = PBXBuildFile; productRef = 04BAA38427476E3300C7BD8E /* RealmSwift */; };
		04BAA38827477CB800C7BD8E /* LottoResultAPIModel.swift in Sources */ = {isa = PBXBuildFile; fileRef = 04BAA38727477CB800C7BD8E /* LottoResultAPIModel.swift */; };
		04BAA38A2747866900C7BD8E /* LottoSpotAPIModel.swift in Sources */ = {isa = PBXBuildFile; fileRef = 04BAA3892747866900C7BD8E /* LottoSpotAPIModel.swift */; };
		04BAA38C2747870C00C7BD8E /* LottoSpot.swift in Sources */ = {isa = PBXBuildFile; fileRef = 04BAA38B2747870C00C7BD8E /* LottoSpot.swift */; };
		04BAA39E2748E57600C7BD8E /* ResultTableViewCell.swift in Sources */ = {isa = PBXBuildFile; fileRef = 04BAA39C2748E57600C7BD8E /* ResultTableViewCell.swift */; };
		04BAA39F2748E57600C7BD8E /* ResultTableViewCell.xib in Resources */ = {isa = PBXBuildFile; fileRef = 04BAA39D2748E57600C7BD8E /* ResultTableViewCell.xib */; };
		04BAA3A22748E59E00C7BD8E /* MottoPaperCollectionViewCell.swift in Sources */ = {isa = PBXBuildFile; fileRef = 04BAA3A02748E59E00C7BD8E /* MottoPaperCollectionViewCell.swift */; };
		04BAA3A32748E59E00C7BD8E /* MottoPaperCollectionViewCell.xib in Resources */ = {isa = PBXBuildFile; fileRef = 04BAA3A12748E59E00C7BD8E /* MottoPaperCollectionViewCell.xib */; };
		04BAA3A52748E6FA00C7BD8E /* ResultViewController.swift in Sources */ = {isa = PBXBuildFile; fileRef = 04BAA3A42748E6FA00C7BD8E /* ResultViewController.swift */; };
		04BAA3A927490E8600C7BD8E /* Alamofire in Frameworks */ = {isa = PBXBuildFile; productRef = 04BAA3A827490E8600C7BD8E /* Alamofire */; };
		04BAA3AC27490EAD00C7BD8E /* SwiftyJSON in Frameworks */ = {isa = PBXBuildFile; productRef = 04BAA3AB27490EAD00C7BD8E /* SwiftyJSON */; };
		04BAA3BC274B540600C7BD8E /* ManualBuyCollectionViewCell.swift in Sources */ = {isa = PBXBuildFile; fileRef = 04BAA3BA274B540600C7BD8E /* ManualBuyCollectionViewCell.swift */; };
		04BAA3BD274B540600C7BD8E /* ManualBuyCollectionViewCell.xib in Resources */ = {isa = PBXBuildFile; fileRef = 04BAA3BB274B540600C7BD8E /* ManualBuyCollectionViewCell.xib */; };
		04BAA3BF274B626000C7BD8E /* MottoBuyViewController.swift in Sources */ = {isa = PBXBuildFile; fileRef = 04BAA3BE274B626000C7BD8E /* MottoBuyViewController.swift */; };
		04BAA3C1274CD2EF00C7BD8E /* MottoPaperViewController.swift in Sources */ = {isa = PBXBuildFile; fileRef = 04BAA3C0274CD2EF00C7BD8E /* MottoPaperViewController.swift */; };
		04BAA3C3274FA61C00C7BD8E /* LottoBuyViewController.swift in Sources */ = {isa = PBXBuildFile; fileRef = 04BAA3C2274FA61C00C7BD8E /* LottoBuyViewController.swift */; };
		04BAA3C6274FB71800C7BD8E /* LottoTableViewCell.swift in Sources */ = {isa = PBXBuildFile; fileRef = 04BAA3C4274FB71800C7BD8E /* LottoTableViewCell.swift */; };
		04BAA3C7274FB71800C7BD8E /* LottoTableViewCell.xib in Resources */ = {isa = PBXBuildFile; fileRef = 04BAA3C5274FB71800C7BD8E /* LottoTableViewCell.xib */; };
		04BAA3C92750C47100C7BD8E /* LottoPaperViewController.swift in Sources */ = {isa = PBXBuildFile; fileRef = 04BAA3C82750C47100C7BD8E /* LottoPaperViewController.swift */; };
		04BAA3D92753418600C7BD8E /* MyColor.swift in Sources */ = {isa = PBXBuildFile; fileRef = 04BAA3D82753418500C7BD8E /* MyColor.swift */; };
		CA9138D2DCEF3BC22EA9ACFF /* Pods_SeSAC_Motto.framework in Frameworks */ = {isa = PBXBuildFile; fileRef = 9A938F50E440E7FE555AAFBA /* Pods_SeSAC_Motto.framework */; };
/* End PBXBuildFile section */

/* Begin PBXFileReference section */
		0425FA972767A91B000B736B /* GoogleService-Info.plist */ = {isa = PBXFileReference; fileEncoding = 4; lastKnownFileType = text.plist.xml; path = "GoogleService-Info.plist"; sourceTree = "<group>"; };
		0425FADC276B6B3B000B736B /* SeSAC_Motto.entitlements */ = {isa = PBXFileReference; lastKnownFileType = text.plist.entitlements; path = SeSAC_Motto.entitlements; sourceTree = "<group>"; };
		0425FADD276B6B46000B736B /* SeSAC_MottoRelease.entitlements */ = {isa = PBXFileReference; lastKnownFileType = text.plist.entitlements; path = SeSAC_MottoRelease.entitlements; sourceTree = "<group>"; };
		046783C027455F6400C4C8AC /* SeSAC_Motto.app */ = {isa = PBXFileReference; explicitFileType = wrapper.application; includeInIndex = 0; path = SeSAC_Motto.app; sourceTree = BUILT_PRODUCTS_DIR; };
		046783C327455F6400C4C8AC /* AppDelegate.swift */ = {isa = PBXFileReference; lastKnownFileType = sourcecode.swift; path = AppDelegate.swift; sourceTree = "<group>"; };
		046783C527455F6400C4C8AC /* SceneDelegate.swift */ = {isa = PBXFileReference; lastKnownFileType = sourcecode.swift; path = SceneDelegate.swift; sourceTree = "<group>"; };
		046783CA27455F6400C4C8AC /* Base */ = {isa = PBXFileReference; lastKnownFileType = file.storyboard; name = Base; path = Base.lproj/Main.storyboard; sourceTree = "<group>"; };
		046783CC27455F6600C4C8AC /* Assets.xcassets */ = {isa = PBXFileReference; lastKnownFileType = folder.assetcatalog; path = Assets.xcassets; sourceTree = "<group>"; };
		046783CF27455F6600C4C8AC /* Base */ = {isa = PBXFileReference; lastKnownFileType = file.storyboard; name = Base; path = Base.lproj/LaunchScreen.storyboard; sourceTree = "<group>"; };
		046783D127455F6600C4C8AC /* Info.plist */ = {isa = PBXFileReference; lastKnownFileType = text.plist.xml; path = Info.plist; sourceTree = "<group>"; };
		04B5B4C12745F8E100E368FD /* Home.storyboard */ = {isa = PBXFileReference; lastKnownFileType = file.storyboard; path = Home.storyboard; sourceTree = "<group>"; };
		04B5B4C32745F9E000E368FD /* HomeViewController.swift */ = {isa = PBXFileReference; lastKnownFileType = sourcecode.swift; path = HomeViewController.swift; sourceTree = "<group>"; };
		04B5B4C52746016A00E368FD /* Buy.storyboard */ = {isa = PBXFileReference; lastKnownFileType = file.storyboard; path = Buy.storyboard; sourceTree = "<group>"; };
		04B5B4C72746018B00E368FD /* History.storyboard */ = {isa = PBXFileReference; lastKnownFileType = file.storyboard; path = History.storyboard; sourceTree = "<group>"; };
		04B5B4C92746019300E368FD /* Map.storyboard */ = {isa = PBXFileReference; lastKnownFileType = file.storyboard; path = Map.storyboard; sourceTree = "<group>"; };
		04B5B4CD274618EC00E368FD /* BuyViewController.swift */ = {isa = PBXFileReference; lastKnownFileType = sourcecode.swift; path = BuyViewController.swift; sourceTree = "<group>"; };
		04B5B4CF274618FA00E368FD /* HistoryViewController.swift */ = {isa = PBXFileReference; lastKnownFileType = sourcecode.swift; path = HistoryViewController.swift; sourceTree = "<group>"; };
		04B5B4D12746190E00E368FD /* MapViewController.swift */ = {isa = PBXFileReference; lastKnownFileType = sourcecode.swift; path = MapViewController.swift; sourceTree = "<group>"; };
		04BAA37F27476D8000C7BD8E /* RealmModel.swift */ = {isa = PBXFileReference; lastKnownFileType = sourcecode.swift; path = RealmModel.swift; sourceTree = "<group>"; };
		04BAA38727477CB800C7BD8E /* LottoResultAPIModel.swift */ = {isa = PBXFileReference; lastKnownFileType = sourcecode.swift; path = LottoResultAPIModel.swift; sourceTree = "<group>"; };
		04BAA3892747866900C7BD8E /* LottoSpotAPIModel.swift */ = {isa = PBXFileReference; lastKnownFileType = sourcecode.swift; path = LottoSpotAPIModel.swift; sourceTree = "<group>"; };
		04BAA38B2747870C00C7BD8E /* LottoSpot.swift */ = {isa = PBXFileReference; lastKnownFileType = sourcecode.swift; path = LottoSpot.swift; sourceTree = "<group>"; };
		04BAA39C2748E57600C7BD8E /* ResultTableViewCell.swift */ = {isa = PBXFileReference; lastKnownFileType = sourcecode.swift; path = ResultTableViewCell.swift; sourceTree = "<group>"; };
		04BAA39D2748E57600C7BD8E /* ResultTableViewCell.xib */ = {isa = PBXFileReference; lastKnownFileType = file.xib; path = ResultTableViewCell.xib; sourceTree = "<group>"; };
		04BAA3A02748E59E00C7BD8E /* MottoPaperCollectionViewCell.swift */ = {isa = PBXFileReference; lastKnownFileType = sourcecode.swift; path = MottoPaperCollectionViewCell.swift; sourceTree = "<group>"; };
		04BAA3A12748E59E00C7BD8E /* MottoPaperCollectionViewCell.xib */ = {isa = PBXFileReference; lastKnownFileType = file.xib; path = MottoPaperCollectionViewCell.xib; sourceTree = "<group>"; };
		04BAA3A42748E6FA00C7BD8E /* ResultViewController.swift */ = {isa = PBXFileReference; lastKnownFileType = sourcecode.swift; path = ResultViewController.swift; sourceTree = "<group>"; };
		04BAA3BA274B540600C7BD8E /* ManualBuyCollectionViewCell.swift */ = {isa = PBXFileReference; lastKnownFileType = sourcecode.swift; path = ManualBuyCollectionViewCell.swift; sourceTree = "<group>"; };
		04BAA3BB274B540600C7BD8E /* ManualBuyCollectionViewCell.xib */ = {isa = PBXFileReference; lastKnownFileType = file.xib; path = ManualBuyCollectionViewCell.xib; sourceTree = "<group>"; };
		04BAA3BE274B626000C7BD8E /* MottoBuyViewController.swift */ = {isa = PBXFileReference; lastKnownFileType = sourcecode.swift; path = MottoBuyViewController.swift; sourceTree = "<group>"; };
		04BAA3C0274CD2EF00C7BD8E /* MottoPaperViewController.swift */ = {isa = PBXFileReference; lastKnownFileType = sourcecode.swift; path = MottoPaperViewController.swift; sourceTree = "<group>"; };
		04BAA3C2274FA61C00C7BD8E /* LottoBuyViewController.swift */ = {isa = PBXFileReference; lastKnownFileType = sourcecode.swift; path = LottoBuyViewController.swift; sourceTree = "<group>"; };
		04BAA3C4274FB71800C7BD8E /* LottoTableViewCell.swift */ = {isa = PBXFileReference; lastKnownFileType = sourcecode.swift; path = LottoTableViewCell.swift; sourceTree = "<group>"; };
		04BAA3C5274FB71800C7BD8E /* LottoTableViewCell.xib */ = {isa = PBXFileReference; lastKnownFileType = file.xib; path = LottoTableViewCell.xib; sourceTree = "<group>"; };
		04BAA3C82750C47100C7BD8E /* LottoPaperViewController.swift */ = {isa = PBXFileReference; lastKnownFileType = sourcecode.swift; path = LottoPaperViewController.swift; sourceTree = "<group>"; };
		04BAA3D82753418500C7BD8E /* MyColor.swift */ = {isa = PBXFileReference; lastKnownFileType = sourcecode.swift; path = MyColor.swift; sourceTree = "<group>"; };
		868300AE9E912E0AEF20E1FF /* Pods-SeSAC_Motto.release.xcconfig */ = {isa = PBXFileReference; includeInIndex = 1; lastKnownFileType = text.xcconfig; name = "Pods-SeSAC_Motto.release.xcconfig"; path = "Target Support Files/Pods-SeSAC_Motto/Pods-SeSAC_Motto.release.xcconfig"; sourceTree = "<group>"; };
		91694E05655238993266A5C9 /* Pods-SeSAC_Motto.debug.xcconfig */ = {isa = PBXFileReference; includeInIndex = 1; lastKnownFileType = text.xcconfig; name = "Pods-SeSAC_Motto.debug.xcconfig"; path = "Target Support Files/Pods-SeSAC_Motto/Pods-SeSAC_Motto.debug.xcconfig"; sourceTree = "<group>"; };
		9A938F50E440E7FE555AAFBA /* Pods_SeSAC_Motto.framework */ = {isa = PBXFileReference; explicitFileType = wrapper.framework; includeInIndex = 0; path = Pods_SeSAC_Motto.framework; sourceTree = BUILT_PRODUCTS_DIR; };
/* End PBXFileReference section */

/* Begin PBXFrameworksBuildPhase section */
		046783BD27455F6400C4C8AC /* Frameworks */ = {
			isa = PBXFrameworksBuildPhase;
			buildActionMask = 2147483647;
			files = (
				04BAA3A927490E8600C7BD8E /* Alamofire in Frameworks */,
				04BAA38527476E3300C7BD8E /* RealmSwift in Frameworks */,
				04BAA3AC27490EAD00C7BD8E /* SwiftyJSON in Frameworks */,
				0469B17E2755FD0B000DDAD9 /* Toast in Frameworks */,
				04BAA38327476E3300C7BD8E /* Realm in Frameworks */,
				CA9138D2DCEF3BC22EA9ACFF /* Pods_SeSAC_Motto.framework in Frameworks */,
			);
			runOnlyForDeploymentPostprocessing = 0;
		};
/* End PBXFrameworksBuildPhase section */

/* Begin PBXGroup section */
		046783B727455F6400C4C8AC = {
			isa = PBXGroup;
			children = (
				046783C227455F6400C4C8AC /* SeSAC_Motto */,
				046783C127455F6400C4C8AC /* Products */,
				FDB7EE03143EF6ED35D2EAAD /* Pods */,
				840D0492FC36363D07141057 /* Frameworks */,
			);
			sourceTree = "<group>";
		};
		046783C127455F6400C4C8AC /* Products */ = {
			isa = PBXGroup;
			children = (
				046783C027455F6400C4C8AC /* SeSAC_Motto.app */,
			);
			name = Products;
			sourceTree = "<group>";
		};
		046783C227455F6400C4C8AC /* SeSAC_Motto */ = {
			isa = PBXGroup;
			children = (
				0425FADD276B6B46000B736B /* SeSAC_MottoRelease.entitlements */,
				0425FADC276B6B3B000B736B /* SeSAC_Motto.entitlements */,
				046783C327455F6400C4C8AC /* AppDelegate.swift */,
				04BAA3D82753418500C7BD8E /* MyColor.swift */,
				046783C527455F6400C4C8AC /* SceneDelegate.swift */,
				046783CE27455F6600C4C8AC /* LaunchScreen.storyboard */,
				04BAA38627477C9400C7BD8E /* Model */,
				04B5B4CB2746019E00E368FD /* Storyboard */,
				04B5B4CC274618CD00E368FD /* VC */,
				04BAA3A62748EC2F00C7BD8E /* Cell */,
				046783D127455F6600C4C8AC /* Info.plist */,
				046783CC27455F6600C4C8AC /* Assets.xcassets */,
				0425FA972767A91B000B736B /* GoogleService-Info.plist */,
			);
			path = SeSAC_Motto;
			sourceTree = "<group>";
		};
		04B5B4CB2746019E00E368FD /* Storyboard */ = {
			isa = PBXGroup;
			children = (
				046783C927455F6400C4C8AC /* Main.storyboard */,
				04B5B4C12745F8E100E368FD /* Home.storyboard */,
				04B5B4C52746016A00E368FD /* Buy.storyboard */,
				04B5B4C72746018B00E368FD /* History.storyboard */,
				04B5B4C92746019300E368FD /* Map.storyboard */,
			);
			path = Storyboard;
			sourceTree = "<group>";
		};
		04B5B4CC274618CD00E368FD /* VC */ = {
			isa = PBXGroup;
			children = (
				04B5B4C32745F9E000E368FD /* HomeViewController.swift */,
				04B5B4CD274618EC00E368FD /* BuyViewController.swift */,
				04BAA3BE274B626000C7BD8E /* MottoBuyViewController.swift */,
				04BAA3C2274FA61C00C7BD8E /* LottoBuyViewController.swift */,
				04BAA3C0274CD2EF00C7BD8E /* MottoPaperViewController.swift */,
				04BAA3C82750C47100C7BD8E /* LottoPaperViewController.swift */,
				04B5B4CF274618FA00E368FD /* HistoryViewController.swift */,
				04BAA3A42748E6FA00C7BD8E /* ResultViewController.swift */,
				04B5B4D12746190E00E368FD /* MapViewController.swift */,
			);
			path = VC;
			sourceTree = "<group>";
		};
		04BAA38627477C9400C7BD8E /* Model */ = {
			isa = PBXGroup;
			children = (
				04BAA37F27476D8000C7BD8E /* RealmModel.swift */,
				04BAA38727477CB800C7BD8E /* LottoResultAPIModel.swift */,
				04BAA38B2747870C00C7BD8E /* LottoSpot.swift */,
				04BAA3892747866900C7BD8E /* LottoSpotAPIModel.swift */,
			);
			path = Model;
			sourceTree = "<group>";
		};
		04BAA3A62748EC2F00C7BD8E /* Cell */ = {
			isa = PBXGroup;
			children = (
				04BAA39C2748E57600C7BD8E /* ResultTableViewCell.swift */,
				04BAA39D2748E57600C7BD8E /* ResultTableViewCell.xib */,
				04BAA3BA274B540600C7BD8E /* ManualBuyCollectionViewCell.swift */,
				04BAA3BB274B540600C7BD8E /* ManualBuyCollectionViewCell.xib */,
				04BAA3A02748E59E00C7BD8E /* MottoPaperCollectionViewCell.swift */,
				04BAA3A12748E59E00C7BD8E /* MottoPaperCollectionViewCell.xib */,
				04BAA3C4274FB71800C7BD8E /* LottoTableViewCell.swift */,
				04BAA3C5274FB71800C7BD8E /* LottoTableViewCell.xib */,
			);
			path = Cell;
			sourceTree = "<group>";
		};
		840D0492FC36363D07141057 /* Frameworks */ = {
			isa = PBXGroup;
			children = (
				9A938F50E440E7FE555AAFBA /* Pods_SeSAC_Motto.framework */,
			);
			name = Frameworks;
			sourceTree = "<group>";
		};
		FDB7EE03143EF6ED35D2EAAD /* Pods */ = {
			isa = PBXGroup;
			children = (
				91694E05655238993266A5C9 /* Pods-SeSAC_Motto.debug.xcconfig */,
				868300AE9E912E0AEF20E1FF /* Pods-SeSAC_Motto.release.xcconfig */,
			);
			path = Pods;
			sourceTree = "<group>";
		};
/* End PBXGroup section */

/* Begin PBXNativeTarget section */
		046783BF27455F6400C4C8AC /* SeSAC_Motto */ = {
			isa = PBXNativeTarget;
			buildConfigurationList = 046783D427455F6600C4C8AC /* Build configuration list for PBXNativeTarget "SeSAC_Motto" */;
			buildPhases = (
				77DC4475B61494FC71B5CAD5 /* [CP] Check Pods Manifest.lock */,
				046783BC27455F6400C4C8AC /* Sources */,
				046783BD27455F6400C4C8AC /* Frameworks */,
				046783BE27455F6400C4C8AC /* Resources */,
				A0D47E5618B9646315B361F0 /* [CP] Embed Pods Frameworks */,
				0425FA992767AB97000B736B /* ShellScript */,
			);
			buildRules = (
			);
			dependencies = (
			);
			name = SeSAC_Motto;
			packageProductDependencies = (
				04BAA38227476E3300C7BD8E /* Realm */,
				04BAA38427476E3300C7BD8E /* RealmSwift */,
				04BAA3A827490E8600C7BD8E /* Alamofire */,
				04BAA3AB27490EAD00C7BD8E /* SwiftyJSON */,
				0469B17D2755FD0B000DDAD9 /* Toast */,
			);
			productName = SeSAC_Motto;
			productReference = 046783C027455F6400C4C8AC /* SeSAC_Motto.app */;
			productType = "com.apple.product-type.application";
		};
/* End PBXNativeTarget section */

/* Begin PBXProject section */
		046783B827455F6400C4C8AC /* Project object */ = {
			isa = PBXProject;
			attributes = {
				BuildIndependentTargetsInParallel = 1;
				LastSwiftUpdateCheck = 1300;
				LastUpgradeCheck = 1300;
				TargetAttributes = {
					046783BF27455F6400C4C8AC = {
						CreatedOnToolsVersion = 13.0;
					};
				};
			};
			buildConfigurationList = 046783BB27455F6400C4C8AC /* Build configuration list for PBXProject "SeSAC_Motto" */;
			compatibilityVersion = "Xcode 13.0";
			developmentRegion = en;
			hasScannedForEncodings = 0;
			knownRegions = (
				en,
				Base,
			);
			mainGroup = 046783B727455F6400C4C8AC;
			packageReferences = (
				04BAA38127476E3300C7BD8E /* XCRemoteSwiftPackageReference "realm-cocoa" */,
				04BAA3A727490E8600C7BD8E /* XCRemoteSwiftPackageReference "Alamofire" */,
				04BAA3AA27490EAD00C7BD8E /* XCRemoteSwiftPackageReference "SwiftyJSON" */,
				0469B17C2755FD0B000DDAD9 /* XCRemoteSwiftPackageReference "Toast-Swift" */,
			);
			productRefGroup = 046783C127455F6400C4C8AC /* Products */;
			projectDirPath = "";
			projectRoot = "";
			targets = (
				046783BF27455F6400C4C8AC /* SeSAC_Motto */,
			);
		};
/* End PBXProject section */

/* Begin PBXResourcesBuildPhase section */
		046783BE27455F6400C4C8AC /* Resources */ = {
			isa = PBXResourcesBuildPhase;
			buildActionMask = 2147483647;
			files = (
				046783D027455F6600C4C8AC /* LaunchScreen.storyboard in Resources */,
				04BAA3A32748E59E00C7BD8E /* MottoPaperCollectionViewCell.xib in Resources */,
				04B5B4CA2746019300E368FD /* Map.storyboard in Resources */,
				04BAA39F2748E57600C7BD8E /* ResultTableViewCell.xib in Resources */,
				046783CD27455F6600C4C8AC /* Assets.xcassets in Resources */,
				04BAA3C7274FB71800C7BD8E /* LottoTableViewCell.xib in Resources */,
				046783CB27455F6400C4C8AC /* Main.storyboard in Resources */,
				0425FA982767A91B000B736B /* GoogleService-Info.plist in Resources */,
				04B5B4C82746018B00E368FD /* History.storyboard in Resources */,
				04B5B4C22745F8E100E368FD /* Home.storyboard in Resources */,
				04BAA3BD274B540600C7BD8E /* ManualBuyCollectionViewCell.xib in Resources */,
				04B5B4C62746016A00E368FD /* Buy.storyboard in Resources */,
			);
			runOnlyForDeploymentPostprocessing = 0;
		};
/* End PBXResourcesBuildPhase section */

/* Begin PBXShellScriptBuildPhase section */
		0425FA992767AB97000B736B /* ShellScript */ = {
			isa = PBXShellScriptBuildPhase;
			buildActionMask = 2147483647;
			files = (
			);
			inputFileListPaths = (
			);
			inputPaths = (
				"${DWARF_DSYM_FOLDER_PATH}/${DWARF_DSYM_FILE_NAME}/Contents/Resources/DWARF/${TARGET_NAME}",
				"$(SRCROOT)/$(BUILT_PRODUCTS_DIR)/$(INFOPLIST_PATH)",
			);
			outputFileListPaths = (
			);
			outputPaths = (
			);
			runOnlyForDeploymentPostprocessing = 0;
			shellPath = /bin/sh;
			shellScript = "# Type a script or drag a script file from your workspace to insert its path.\n\"${PODS_ROOT}/FirebaseCrashlytics/run\"\n";
		};
		77DC4475B61494FC71B5CAD5 /* [CP] Check Pods Manifest.lock */ = {
			isa = PBXShellScriptBuildPhase;
			buildActionMask = 2147483647;
			files = (
			);
			inputFileListPaths = (
			);
			inputPaths = (
				"${PODS_PODFILE_DIR_PATH}/Podfile.lock",
				"${PODS_ROOT}/Manifest.lock",
			);
			name = "[CP] Check Pods Manifest.lock";
			outputFileListPaths = (
			);
			outputPaths = (
				"$(DERIVED_FILE_DIR)/Pods-SeSAC_Motto-checkManifestLockResult.txt",
			);
			runOnlyForDeploymentPostprocessing = 0;
			shellPath = /bin/sh;
			shellScript = "diff \"${PODS_PODFILE_DIR_PATH}/Podfile.lock\" \"${PODS_ROOT}/Manifest.lock\" > /dev/null\nif [ $? != 0 ] ; then\n    # print error to STDERR\n    echo \"error: The sandbox is not in sync with the Podfile.lock. Run 'pod install' or update your CocoaPods installation.\" >&2\n    exit 1\nfi\n# This output is used by Xcode 'outputs' to avoid re-running this script phase.\necho \"SUCCESS\" > \"${SCRIPT_OUTPUT_FILE_0}\"\n";
			showEnvVarsInLog = 0;
		};
		A0D47E5618B9646315B361F0 /* [CP] Embed Pods Frameworks */ = {
			isa = PBXShellScriptBuildPhase;
			buildActionMask = 2147483647;
			files = (
			);
			inputFileListPaths = (
				"${PODS_ROOT}/Target Support Files/Pods-SeSAC_Motto/Pods-SeSAC_Motto-frameworks-${CONFIGURATION}-input-files.xcfilelist",
			);
			name = "[CP] Embed Pods Frameworks";
			outputFileListPaths = (
				"${PODS_ROOT}/Target Support Files/Pods-SeSAC_Motto/Pods-SeSAC_Motto-frameworks-${CONFIGURATION}-output-files.xcfilelist",
			);
			runOnlyForDeploymentPostprocessing = 0;
			shellPath = /bin/sh;
			shellScript = "\"${PODS_ROOT}/Target Support Files/Pods-SeSAC_Motto/Pods-SeSAC_Motto-frameworks.sh\"\n";
			showEnvVarsInLog = 0;
		};
/* End PBXShellScriptBuildPhase section */

/* Begin PBXSourcesBuildPhase section */
		046783BC27455F6400C4C8AC /* Sources */ = {
			isa = PBXSourcesBuildPhase;
			buildActionMask = 2147483647;
			files = (
				04BAA3BF274B626000C7BD8E /* MottoBuyViewController.swift in Sources */,
				04BAA38C2747870C00C7BD8E /* LottoSpot.swift in Sources */,
				04BAA3C3274FA61C00C7BD8E /* LottoBuyViewController.swift in Sources */,
				04BAA3D92753418600C7BD8E /* MyColor.swift in Sources */,
				04B5B4CE274618EC00E368FD /* BuyViewController.swift in Sources */,
				046783C427455F6400C4C8AC /* AppDelegate.swift in Sources */,
				04BAA3BC274B540600C7BD8E /* ManualBuyCollectionViewCell.swift in Sources */,
				04B5B4D0274618FA00E368FD /* HistoryViewController.swift in Sources */,
				04BAA38A2747866900C7BD8E /* LottoSpotAPIModel.swift in Sources */,
				046783C627455F6400C4C8AC /* SceneDelegate.swift in Sources */,
				04BAA38027476D8000C7BD8E /* RealmModel.swift in Sources */,
				04BAA3C6274FB71800C7BD8E /* LottoTableViewCell.swift in Sources */,
				04BAA39E2748E57600C7BD8E /* ResultTableViewCell.swift in Sources */,
				04BAA3A52748E6FA00C7BD8E /* ResultViewController.swift in Sources */,
				04BAA3C1274CD2EF00C7BD8E /* MottoPaperViewController.swift in Sources */,
				04B5B4C42745F9E000E368FD /* HomeViewController.swift in Sources */,
				04B5B4D22746190E00E368FD /* MapViewController.swift in Sources */,
				04BAA38827477CB800C7BD8E /* LottoResultAPIModel.swift in Sources */,
				04BAA3C92750C47100C7BD8E /* LottoPaperViewController.swift in Sources */,
				04BAA3A22748E59E00C7BD8E /* MottoPaperCollectionViewCell.swift in Sources */,
			);
			runOnlyForDeploymentPostprocessing = 0;
		};
/* End PBXSourcesBuildPhase section */

/* Begin PBXVariantGroup section */
		046783C927455F6400C4C8AC /* Main.storyboard */ = {
			isa = PBXVariantGroup;
			children = (
				046783CA27455F6400C4C8AC /* Base */,
			);
			name = Main.storyboard;
			sourceTree = "<group>";
		};
		046783CE27455F6600C4C8AC /* LaunchScreen.storyboard */ = {
			isa = PBXVariantGroup;
			children = (
				046783CF27455F6600C4C8AC /* Base */,
			);
			name = LaunchScreen.storyboard;
			sourceTree = "<group>";
		};
/* End PBXVariantGroup section */

/* Begin XCBuildConfiguration section */
		046783D227455F6600C4C8AC /* Debug */ = {
			isa = XCBuildConfiguration;
			buildSettings = {
				ALWAYS_SEARCH_USER_PATHS = NO;
				CLANG_ANALYZER_NONNULL = YES;
				CLANG_ANALYZER_NUMBER_OBJECT_CONVERSION = YES_AGGRESSIVE;
				CLANG_CXX_LANGUAGE_STANDARD = "gnu++17";
				CLANG_CXX_LIBRARY = "libc++";
				CLANG_ENABLE_MODULES = YES;
				CLANG_ENABLE_OBJC_ARC = YES;
				CLANG_ENABLE_OBJC_WEAK = YES;
				CLANG_WARN_BLOCK_CAPTURE_AUTORELEASING = YES;
				CLANG_WARN_BOOL_CONVERSION = YES;
				CLANG_WARN_COMMA = YES;
				CLANG_WARN_CONSTANT_CONVERSION = YES;
				CLANG_WARN_DEPRECATED_OBJC_IMPLEMENTATIONS = YES;
				CLANG_WARN_DIRECT_OBJC_ISA_USAGE = YES_ERROR;
				CLANG_WARN_DOCUMENTATION_COMMENTS = YES;
				CLANG_WARN_EMPTY_BODY = YES;
				CLANG_WARN_ENUM_CONVERSION = YES;
				CLANG_WARN_INFINITE_RECURSION = YES;
				CLANG_WARN_INT_CONVERSION = YES;
				CLANG_WARN_NON_LITERAL_NULL_CONVERSION = YES;
				CLANG_WARN_OBJC_IMPLICIT_RETAIN_SELF = YES;
				CLANG_WARN_OBJC_LITERAL_CONVERSION = YES;
				CLANG_WARN_OBJC_ROOT_CLASS = YES_ERROR;
				CLANG_WARN_QUOTED_INCLUDE_IN_FRAMEWORK_HEADER = YES;
				CLANG_WARN_RANGE_LOOP_ANALYSIS = YES;
				CLANG_WARN_STRICT_PROTOTYPES = YES;
				CLANG_WARN_SUSPICIOUS_MOVE = YES;
				CLANG_WARN_UNGUARDED_AVAILABILITY = YES_AGGRESSIVE;
				CLANG_WARN_UNREACHABLE_CODE = YES;
				CLANG_WARN__DUPLICATE_METHOD_MATCH = YES;
				COPY_PHASE_STRIP = NO;
				DEBUG_INFORMATION_FORMAT = dwarf;
				ENABLE_STRICT_OBJC_MSGSEND = YES;
				ENABLE_TESTABILITY = YES;
				GCC_C_LANGUAGE_STANDARD = gnu11;
				GCC_DYNAMIC_NO_PIC = NO;
				GCC_NO_COMMON_BLOCKS = YES;
				GCC_OPTIMIZATION_LEVEL = 0;
				GCC_PREPROCESSOR_DEFINITIONS = (
					"DEBUG=1",
					"$(inherited)",
				);
				GCC_WARN_64_TO_32_BIT_CONVERSION = YES;
				GCC_WARN_ABOUT_RETURN_TYPE = YES_ERROR;
				GCC_WARN_UNDECLARED_SELECTOR = YES;
				GCC_WARN_UNINITIALIZED_AUTOS = YES_AGGRESSIVE;
				GCC_WARN_UNUSED_FUNCTION = YES;
				GCC_WARN_UNUSED_VARIABLE = YES;
				IPHONEOS_DEPLOYMENT_TARGET = 15.0;
				MTL_ENABLE_DEBUG_INFO = INCLUDE_SOURCE;
				MTL_FAST_MATH = YES;
				ONLY_ACTIVE_ARCH = YES;
				SDKROOT = iphoneos;
				SWIFT_ACTIVE_COMPILATION_CONDITIONS = DEBUG;
				SWIFT_OPTIMIZATION_LEVEL = "-Onone";
			};
			name = Debug;
		};
		046783D327455F6600C4C8AC /* Release */ = {
			isa = XCBuildConfiguration;
			buildSettings = {
				ALWAYS_SEARCH_USER_PATHS = NO;
				CLANG_ANALYZER_NONNULL = YES;
				CLANG_ANALYZER_NUMBER_OBJECT_CONVERSION = YES_AGGRESSIVE;
				CLANG_CXX_LANGUAGE_STANDARD = "gnu++17";
				CLANG_CXX_LIBRARY = "libc++";
				CLANG_ENABLE_MODULES = YES;
				CLANG_ENABLE_OBJC_ARC = YES;
				CLANG_ENABLE_OBJC_WEAK = YES;
				CLANG_WARN_BLOCK_CAPTURE_AUTORELEASING = YES;
				CLANG_WARN_BOOL_CONVERSION = YES;
				CLANG_WARN_COMMA = YES;
				CLANG_WARN_CONSTANT_CONVERSION = YES;
				CLANG_WARN_DEPRECATED_OBJC_IMPLEMENTATIONS = YES;
				CLANG_WARN_DIRECT_OBJC_ISA_USAGE = YES_ERROR;
				CLANG_WARN_DOCUMENTATION_COMMENTS = YES;
				CLANG_WARN_EMPTY_BODY = YES;
				CLANG_WARN_ENUM_CONVERSION = YES;
				CLANG_WARN_INFINITE_RECURSION = YES;
				CLANG_WARN_INT_CONVERSION = YES;
				CLANG_WARN_NON_LITERAL_NULL_CONVERSION = YES;
				CLANG_WARN_OBJC_IMPLICIT_RETAIN_SELF = YES;
				CLANG_WARN_OBJC_LITERAL_CONVERSION = YES;
				CLANG_WARN_OBJC_ROOT_CLASS = YES_ERROR;
				CLANG_WARN_QUOTED_INCLUDE_IN_FRAMEWORK_HEADER = YES;
				CLANG_WARN_RANGE_LOOP_ANALYSIS = YES;
				CLANG_WARN_STRICT_PROTOTYPES = YES;
				CLANG_WARN_SUSPICIOUS_MOVE = YES;
				CLANG_WARN_UNGUARDED_AVAILABILITY = YES_AGGRESSIVE;
				CLANG_WARN_UNREACHABLE_CODE = YES;
				CLANG_WARN__DUPLICATE_METHOD_MATCH = YES;
				COPY_PHASE_STRIP = NO;
				DEBUG_INFORMATION_FORMAT = "dwarf-with-dsym";
				ENABLE_NS_ASSERTIONS = NO;
				ENABLE_STRICT_OBJC_MSGSEND = YES;
				GCC_C_LANGUAGE_STANDARD = gnu11;
				GCC_NO_COMMON_BLOCKS = YES;
				GCC_WARN_64_TO_32_BIT_CONVERSION = YES;
				GCC_WARN_ABOUT_RETURN_TYPE = YES_ERROR;
				GCC_WARN_UNDECLARED_SELECTOR = YES;
				GCC_WARN_UNINITIALIZED_AUTOS = YES_AGGRESSIVE;
				GCC_WARN_UNUSED_FUNCTION = YES;
				GCC_WARN_UNUSED_VARIABLE = YES;
				IPHONEOS_DEPLOYMENT_TARGET = 15.0;
				MTL_ENABLE_DEBUG_INFO = NO;
				MTL_FAST_MATH = YES;
				SDKROOT = iphoneos;
				SWIFT_COMPILATION_MODE = wholemodule;
				SWIFT_OPTIMIZATION_LEVEL = "-O";
				VALIDATE_PRODUCT = YES;
			};
			name = Release;
		};
		046783D527455F6600C4C8AC /* Debug */ = {
			isa = XCBuildConfiguration;
			baseConfigurationReference = 91694E05655238993266A5C9 /* Pods-SeSAC_Motto.debug.xcconfig */;
			buildSettings = {
				ASSETCATALOG_COMPILER_APPICON_NAME = AppIcon;
				ASSETCATALOG_COMPILER_GLOBAL_ACCENT_COLOR_NAME = AccentColor;
				CODE_SIGN_ENTITLEMENTS = SeSAC_Motto/SeSAC_Motto.entitlements;
				CODE_SIGN_STYLE = Automatic;
				CURRENT_PROJECT_VERSION = 2;
				DEBUG_INFORMATION_FORMAT = "dwarf-with-dsym";
				DEVELOPMENT_TEAM = HQ9MZ38KLH;
				GENERATE_INFOPLIST_FILE = YES;
				INFOPLIST_FILE = SeSAC_Motto/Info.plist;
				INFOPLIST_KEY_CFBundleDisplayName = "모또";
				INFOPLIST_KEY_UIApplicationSupportsIndirectInputEvents = YES;
				INFOPLIST_KEY_UILaunchStoryboardName = LaunchScreen;
				INFOPLIST_KEY_UIMainStoryboardFile = Main;
				INFOPLIST_KEY_UISupportedInterfaceOrientations = UIInterfaceOrientationPortrait;
				INFOPLIST_KEY_UISupportedInterfaceOrientations_iPad = UIInterfaceOrientationPortrait;
				INFOPLIST_KEY_UISupportedInterfaceOrientations_iPhone = UIInterfaceOrientationPortrait;
				INFOPLIST_KEY_UIUserInterfaceStyle = Light;
				IPHONEOS_DEPLOYMENT_TARGET = 13.0;
				LD_RUNPATH_SEARCH_PATHS = (
					"$(inherited)",
					"@executable_path/Frameworks",
				);
				MARKETING_VERSION = 1.1;
				PRODUCT_BUNDLE_IDENTIFIER = "com.kokojong.SeSAC-Motto";
				PRODUCT_NAME = "$(TARGET_NAME)";
				SWIFT_EMIT_LOC_STRINGS = YES;
				SWIFT_VERSION = 5.0;
				TARGETED_DEVICE_FAMILY = 1;
			};
			name = Debug;
		};
		046783D627455F6600C4C8AC /* Release */ = {
			isa = XCBuildConfiguration;
			baseConfigurationReference = 868300AE9E912E0AEF20E1FF /* Pods-SeSAC_Motto.release.xcconfig */;
			buildSettings = {
				ASSETCATALOG_COMPILER_APPICON_NAME = AppIcon;
				ASSETCATALOG_COMPILER_GLOBAL_ACCENT_COLOR_NAME = AccentColor;
				CODE_SIGN_ENTITLEMENTS = SeSAC_Motto/SeSAC_MottoRelease.entitlements;
				CODE_SIGN_STYLE = Automatic;
				CURRENT_PROJECT_VERSION = 2;
				DEVELOPMENT_TEAM = HQ9MZ38KLH;
				GENERATE_INFOPLIST_FILE = YES;
				INFOPLIST_FILE = SeSAC_Motto/Info.plist;
				INFOPLIST_KEY_CFBundleDisplayName = "모또";
				INFOPLIST_KEY_UIApplicationSupportsIndirectInputEvents = YES;
				INFOPLIST_KEY_UILaunchStoryboardName = LaunchScreen;
				INFOPLIST_KEY_UIMainStoryboardFile = Main;
				INFOPLIST_KEY_UISupportedInterfaceOrientations = UIInterfaceOrientationPortrait;
				INFOPLIST_KEY_UISupportedInterfaceOrientations_iPad = UIInterfaceOrientationPortrait;
				INFOPLIST_KEY_UISupportedInterfaceOrientations_iPhone = UIInterfaceOrientationPortrait;
				INFOPLIST_KEY_UIUserInterfaceStyle = Light;
				IPHONEOS_DEPLOYMENT_TARGET = 13.0;
				LD_RUNPATH_SEARCH_PATHS = (
					"$(inherited)",
					"@executable_path/Frameworks",
				);
				MARKETING_VERSION = 1.1;
				PRODUCT_BUNDLE_IDENTIFIER = "com.kokojong.SeSAC-Motto";
				PRODUCT_NAME = "$(TARGET_NAME)";
				SWIFT_EMIT_LOC_STRINGS = YES;
				SWIFT_VERSION = 5.0;
				TARGETED_DEVICE_FAMILY = 1;
			};
			name = Release;
		};
/* End XCBuildConfiguration section */

/* Begin XCConfigurationList section */
		046783BB27455F6400C4C8AC /* Build configuration list for PBXProject "SeSAC_Motto" */ = {
			isa = XCConfigurationList;
			buildConfigurations = (
				046783D227455F6600C4C8AC /* Debug */,
				046783D327455F6600C4C8AC /* Release */,
			);
			defaultConfigurationIsVisible = 0;
			defaultConfigurationName = Release;
		};
		046783D427455F6600C4C8AC /* Build configuration list for PBXNativeTarget "SeSAC_Motto" */ = {
			isa = XCConfigurationList;
			buildConfigurations = (
				046783D527455F6600C4C8AC /* Debug */,
				046783D627455F6600C4C8AC /* Release */,
			);
			defaultConfigurationIsVisible = 0;
			defaultConfigurationName = Release;
		};
/* End XCConfigurationList section */

/* Begin XCRemoteSwiftPackageReference section */
		0469B17C2755FD0B000DDAD9 /* XCRemoteSwiftPackageReference "Toast-Swift" */ = {
			isa = XCRemoteSwiftPackageReference;
			repositoryURL = "https://github.com/scalessec/Toast-Swift.git";
			requirement = {
				kind = upToNextMajorVersion;
				minimumVersion = 5.0.0;
			};
		};
		04BAA38127476E3300C7BD8E /* XCRemoteSwiftPackageReference "realm-cocoa" */ = {
			isa = XCRemoteSwiftPackageReference;
			repositoryURL = "https://github.com/realm/realm-cocoa.git";
			requirement = {
				kind = exactVersion;
				version = 10.18.0;
			};
		};
		04BAA3A727490E8600C7BD8E /* XCRemoteSwiftPackageReference "Alamofire" */ = {
			isa = XCRemoteSwiftPackageReference;
			repositoryURL = "https://github.com/Alamofire/Alamofire.git";
			requirement = {
				kind = upToNextMajorVersion;
				minimumVersion = 5.0.0;
			};
		};
		04BAA3AA27490EAD00C7BD8E /* XCRemoteSwiftPackageReference "SwiftyJSON" */ = {
			isa = XCRemoteSwiftPackageReference;
			repositoryURL = "https://github.com/SwiftyJSON/SwiftyJSON.git";
			requirement = {
				kind = upToNextMajorVersion;
				minimumVersion = 5.0.0;
			};
		};
/* End XCRemoteSwiftPackageReference section */

/* Begin XCSwiftPackageProductDependency section */
		0469B17D2755FD0B000DDAD9 /* Toast */ = {
			isa = XCSwiftPackageProductDependency;
			package = 0469B17C2755FD0B000DDAD9 /* XCRemoteSwiftPackageReference "Toast-Swift" */;
			productName = Toast;
		};
		04BAA38227476E3300C7BD8E /* Realm */ = {
			isa = XCSwiftPackageProductDependency;
			package = 04BAA38127476E3300C7BD8E /* XCRemoteSwiftPackageReference "realm-cocoa" */;
			productName = Realm;
		};
		04BAA38427476E3300C7BD8E /* RealmSwift */ = {
			isa = XCSwiftPackageProductDependency;
			package = 04BAA38127476E3300C7BD8E /* XCRemoteSwiftPackageReference "realm-cocoa" */;
			productName = RealmSwift;
		};
		04BAA3A827490E8600C7BD8E /* Alamofire */ = {
			isa = XCSwiftPackageProductDependency;
			package = 04BAA3A727490E8600C7BD8E /* XCRemoteSwiftPackageReference "Alamofire" */;
			productName = Alamofire;
		};
		04BAA3AB27490EAD00C7BD8E /* SwiftyJSON */ = {
			isa = XCSwiftPackageProductDependency;
			package = 04BAA3AA27490EAD00C7BD8E /* XCRemoteSwiftPackageReference "SwiftyJSON" */;
			productName = SwiftyJSON;
		};
/* End XCSwiftPackageProductDependency section */
	};
	rootObject = 046783B827455F6400C4C8AC /* Project object */;
}
