// !$*UTF8*$!
{
	archiveVersion = 1;
	classes = {
	};
	objectVersion = 55;
	objects = {

/* Begin PBXBuildFile section */
		0419CC6E270C1C4C00F871C2 /* AppDelegate.swift in Sources */ = {isa = PBXBuildFile; fileRef = 0419CC6D270C1C4C00F871C2 /* AppDelegate.swift */; };
		0419CC70270C1C4C00F871C2 /* SceneDelegate.swift in Sources */ = {isa = PBXBuildFile; fileRef = 0419CC6F270C1C4C00F871C2 /* SceneDelegate.swift */; };
		0419CC72270C1C4C00F871C2 /* ViewController.swift in Sources */ = {isa = PBXBuildFile; fileRef = 0419CC71270C1C4C00F871C2 /* ViewController.swift */; };
		0419CC75270C1C4C00F871C2 /* Main.storyboard in Resources */ = {isa = PBXBuildFile; fileRef = 0419CC73270C1C4C00F871C2 /* Main.storyboard */; };
		0419CC77270C1C4E00F871C2 /* Assets.xcassets in Resources */ = {isa = PBXBuildFile; fileRef = 0419CC76270C1C4E00F871C2 /* Assets.xcassets */; };
		0419CC7A270C1C4E00F871C2 /* LaunchScreen.storyboard in Resources */ = {isa = PBXBuildFile; fileRef = 0419CC78270C1C4E00F871C2 /* LaunchScreen.storyboard */; };
		0419CC82270C20B100F871C2 /* FirstViewController.swift in Sources */ = {isa = PBXBuildFile; fileRef = 0419CC81270C20B100F871C2 /* FirstViewController.swift */; };
		0419CC84270C20C000F871C2 /* SecondViewController.swift in Sources */ = {isa = PBXBuildFile; fileRef = 0419CC83270C20C000F871C2 /* SecondViewController.swift */; };
		0419CC86270C20CF00F871C2 /* ThirdViewController.swift in Sources */ = {isa = PBXBuildFile; fileRef = 0419CC85270C20CF00F871C2 /* ThirdViewController.swift */; };
		0419CC88270C20D900F871C2 /* FourthViewController.swift in Sources */ = {isa = PBXBuildFile; fileRef = 0419CC87270C20D900F871C2 /* FourthViewController.swift */; };
/* End PBXBuildFile section */

/* Begin PBXFileReference section */
		0419CC6A270C1C4C00F871C2 /* Baemin_assignment.app */ = {isa = PBXFileReference; explicitFileType = wrapper.application; includeInIndex = 0; path = Baemin_assignment.app; sourceTree = BUILT_PRODUCTS_DIR; };
		0419CC6D270C1C4C00F871C2 /* AppDelegate.swift */ = {isa = PBXFileReference; lastKnownFileType = sourcecode.swift; path = AppDelegate.swift; sourceTree = "<group>"; };
		0419CC6F270C1C4C00F871C2 /* SceneDelegate.swift */ = {isa = PBXFileReference; lastKnownFileType = sourcecode.swift; path = SceneDelegate.swift; sourceTree = "<group>"; };
		0419CC71270C1C4C00F871C2 /* ViewController.swift */ = {isa = PBXFileReference; lastKnownFileType = sourcecode.swift; path = ViewController.swift; sourceTree = "<group>"; };
		0419CC74270C1C4C00F871C2 /* Base */ = {isa = PBXFileReference; lastKnownFileType = file.storyboard; name = Base; path = Base.lproj/Main.storyboard; sourceTree = "<group>"; };
		0419CC76270C1C4E00F871C2 /* Assets.xcassets */ = {isa = PBXFileReference; lastKnownFileType = folder.assetcatalog; path = Assets.xcassets; sourceTree = "<group>"; };
		0419CC79270C1C4E00F871C2 /* Base */ = {isa = PBXFileReference; lastKnownFileType = file.storyboard; name = Base; path = Base.lproj/LaunchScreen.storyboard; sourceTree = "<group>"; };
		0419CC7B270C1C4E00F871C2 /* Info.plist */ = {isa = PBXFileReference; lastKnownFileType = text.plist.xml; path = Info.plist; sourceTree = "<group>"; };
		0419CC81270C20B100F871C2 /* FirstViewController.swift */ = {isa = PBXFileReference; lastKnownFileType = sourcecode.swift; path = FirstViewController.swift; sourceTree = "<group>"; };
		0419CC83270C20C000F871C2 /* SecondViewController.swift */ = {isa = PBXFileReference; lastKnownFileType = sourcecode.swift; path = SecondViewController.swift; sourceTree = "<group>"; };
		0419CC85270C20CF00F871C2 /* ThirdViewController.swift */ = {isa = PBXFileReference; lastKnownFileType = sourcecode.swift; path = ThirdViewController.swift; sourceTree = "<group>"; };
		0419CC87270C20D900F871C2 /* FourthViewController.swift */ = {isa = PBXFileReference; lastKnownFileType = sourcecode.swift; path = FourthViewController.swift; sourceTree = "<group>"; };
/* End PBXFileReference section */

/* Begin PBXFrameworksBuildPhase section */
		0419CC67270C1C4C00F871C2 /* Frameworks */ = {
			isa = PBXFrameworksBuildPhase;
			buildActionMask = 2147483647;
			files = (
			);
			runOnlyForDeploymentPostprocessing = 0;
		};
/* End PBXFrameworksBuildPhase section */

/* Begin PBXGroup section */
		0419CC61270C1C4C00F871C2 = {
			isa = PBXGroup;
			children = (
				0419CC6C270C1C4C00F871C2 /* Baemin_assignment */,
				0419CC6B270C1C4C00F871C2 /* Products */,
			);
			sourceTree = "<group>";
		};
		0419CC6B270C1C4C00F871C2 /* Products */ = {
			isa = PBXGroup;
			children = (
				0419CC6A270C1C4C00F871C2 /* Baemin_assignment.app */,
			);
			name = Products;
			sourceTree = "<group>";
		};
		0419CC6C270C1C4C00F871C2 /* Baemin_assignment */ = {
			isa = PBXGroup;
			children = (
				0419CC6D270C1C4C00F871C2 /* AppDelegate.swift */,
				0419CC6F270C1C4C00F871C2 /* SceneDelegate.swift */,
				0419CC71270C1C4C00F871C2 /* ViewController.swift */,
				0419CC73270C1C4C00F871C2 /* Main.storyboard */,
				0419CC81270C20B100F871C2 /* FirstViewController.swift */,
				0419CC83270C20C000F871C2 /* SecondViewController.swift */,
				0419CC85270C20CF00F871C2 /* ThirdViewController.swift */,
				0419CC87270C20D900F871C2 /* FourthViewController.swift */,
				0419CC76270C1C4E00F871C2 /* Assets.xcassets */,
				0419CC78270C1C4E00F871C2 /* LaunchScreen.storyboard */,
				0419CC7B270C1C4E00F871C2 /* Info.plist */,
			);
			path = Baemin_assignment;
			sourceTree = "<group>";
		};
/* End PBXGroup section */

/* Begin PBXNativeTarget section */
		0419CC69270C1C4C00F871C2 /* Baemin_assignment */ = {
			isa = PBXNativeTarget;
			buildConfigurationList = 0419CC7E270C1C4E00F871C2 /* Build configuration list for PBXNativeTarget "Baemin_assignment" */;
			buildPhases = (
				0419CC66270C1C4C00F871C2 /* Sources */,
				0419CC67270C1C4C00F871C2 /* Frameworks */,
				0419CC68270C1C4C00F871C2 /* Resources */,
			);
			buildRules = (
			);
			dependencies = (
			);
			name = Baemin_assignment;
			productName = Baemin_assignment;
			productReference = 0419CC6A270C1C4C00F871C2 /* Baemin_assignment.app */;
			productType = "com.apple.product-type.application";
		};
/* End PBXNativeTarget section */

/* Begin PBXProject section */
		0419CC62270C1C4C00F871C2 /* Project object */ = {
			isa = PBXProject;
			attributes = {
				BuildIndependentTargetsInParallel = 1;
				LastSwiftUpdateCheck = 1300;
				LastUpgradeCheck = 1300;
				TargetAttributes = {
					0419CC69270C1C4C00F871C2 = {
						CreatedOnToolsVersion = 13.0;
					};
				};
			};
			buildConfigurationList = 0419CC65270C1C4C00F871C2 /* Build configuration list for PBXProject "Baemin_assignment" */;
			compatibilityVersion = "Xcode 13.0";
			developmentRegion = en;
			hasScannedForEncodings = 0;
			knownRegions = (
				en,
				Base,
			);
			mainGroup = 0419CC61270C1C4C00F871C2;
			productRefGroup = 0419CC6B270C1C4C00F871C2 /* Products */;
			projectDirPath = "";
			projectRoot = "";
			targets = (
				0419CC69270C1C4C00F871C2 /* Baemin_assignment */,
			);
		};
/* End PBXProject section */

/* Begin PBXResourcesBuildPhase section */
		0419CC68270C1C4C00F871C2 /* Resources */ = {
			isa = PBXResourcesBuildPhase;
			buildActionMask = 2147483647;
			files = (
				0419CC7A270C1C4E00F871C2 /* LaunchScreen.storyboard in Resources */,
				0419CC77270C1C4E00F871C2 /* Assets.xcassets in Resources */,
				0419CC75270C1C4C00F871C2 /* Main.storyboard in Resources */,
			);
			runOnlyForDeploymentPostprocessing = 0;
		};
/* End PBXResourcesBuildPhase section */

/* Begin PBXSourcesBuildPhase section */
		0419CC66270C1C4C00F871C2 /* Sources */ = {
			isa = PBXSourcesBuildPhase;
			buildActionMask = 2147483647;
			files = (
				0419CC72270C1C4C00F871C2 /* ViewController.swift in Sources */,
				0419CC6E270C1C4C00F871C2 /* AppDelegate.swift in Sources */,
				0419CC70270C1C4C00F871C2 /* SceneDelegate.swift in Sources */,
				0419CC88270C20D900F871C2 /* FourthViewController.swift in Sources */,
				0419CC84270C20C000F871C2 /* SecondViewController.swift in Sources */,
				0419CC86270C20CF00F871C2 /* ThirdViewController.swift in Sources */,
				0419CC82270C20B100F871C2 /* FirstViewController.swift in Sources */,
			);
			runOnlyForDeploymentPostprocessing = 0;
		};
/* End PBXSourcesBuildPhase section */

/* Begin PBXVariantGroup section */
		0419CC73270C1C4C00F871C2 /* Main.storyboard */ = {
			isa = PBXVariantGroup;
			children = (
				0419CC74270C1C4C00F871C2 /* Base */,
			);
			name = Main.storyboard;
			sourceTree = "<group>";
		};
		0419CC78270C1C4E00F871C2 /* LaunchScreen.storyboard */ = {
			isa = PBXVariantGroup;
			children = (
				0419CC79270C1C4E00F871C2 /* Base */,
			);
			name = LaunchScreen.storyboard;
			sourceTree = "<group>";
		};
/* End PBXVariantGroup section */

/* Begin XCBuildConfiguration section */
		0419CC7C270C1C4E00F871C2 /* Debug */ = {
			isa = XCBuildConfiguration;
			buildSettings = {
				ALWAYS_SEARCH_USER_PATHS = NO;
				CLANG_ANALYZER_NONNULL = YES;
				CLANG_ANALYZER_NUMBER_OBJECT_CONVERSION = YES_AGGRESSIVE;
				CLANG_CXX_LANGUAGE_STANDARD = "gnu++17";
				CLANG_CXX_LIBRARY = "libc++";
				CLANG_ENABLE_MODULES = YES;
				CLANG_ENABLE_OBJC_ARC = YES;
				CLANG_ENABLE_OBJC_WEAK = YES;
				CLANG_WARN_BLOCK_CAPTURE_AUTORELEASING = YES;
				CLANG_WARN_BOOL_CONVERSION = YES;
				CLANG_WARN_COMMA = YES;
				CLANG_WARN_CONSTANT_CONVERSION = YES;
				CLANG_WARN_DEPRECATED_OBJC_IMPLEMENTATIONS = YES;
				CLANG_WARN_DIRECT_OBJC_ISA_USAGE = YES_ERROR;
				CLANG_WARN_DOCUMENTATION_COMMENTS = YES;
				CLANG_WARN_EMPTY_BODY = YES;
				CLANG_WARN_ENUM_CONVERSION = YES;
				CLANG_WARN_INFINITE_RECURSION = YES;
				CLANG_WARN_INT_CONVERSION = YES;
				CLANG_WARN_NON_LITERAL_NULL_CONVERSION = YES;
				CLANG_WARN_OBJC_IMPLICIT_RETAIN_SELF = YES;
				CLANG_WARN_OBJC_LITERAL_CONVERSION = YES;
				CLANG_WARN_OBJC_ROOT_CLASS = YES_ERROR;
				CLANG_WARN_QUOTED_INCLUDE_IN_FRAMEWORK_HEADER = YES;
				CLANG_WARN_RANGE_LOOP_ANALYSIS = YES;
				CLANG_WARN_STRICT_PROTOTYPES = YES;
				CLANG_WARN_SUSPICIOUS_MOVE = YES;
				CLANG_WARN_UNGUARDED_AVAILABILITY = YES_AGGRESSIVE;
				CLANG_WARN_UNREACHABLE_CODE = YES;
				CLANG_WARN__DUPLICATE_METHOD_MATCH = YES;
				COPY_PHASE_STRIP = NO;
				DEBUG_INFORMATION_FORMAT = dwarf;
				ENABLE_STRICT_OBJC_MSGSEND = YES;
				ENABLE_TESTABILITY = YES;
				GCC_C_LANGUAGE_STANDARD = gnu11;
				GCC_DYNAMIC_NO_PIC = NO;
				GCC_NO_COMMON_BLOCKS = YES;
				GCC_OPTIMIZATION_LEVEL = 0;
				GCC_PREPROCESSOR_DEFINITIONS = (
					"DEBUG=1",
					"$(inherited)",
				);
				GCC_WARN_64_TO_32_BIT_CONVERSION = YES;
				GCC_WARN_ABOUT_RETURN_TYPE = YES_ERROR;
				GCC_WARN_UNDECLARED_SELECTOR = YES;
				GCC_WARN_UNINITIALIZED_AUTOS = YES_AGGRESSIVE;
				GCC_WARN_UNUSED_FUNCTION = YES;
				GCC_WARN_UNUSED_VARIABLE = YES;
				IPHONEOS_DEPLOYMENT_TARGET = 15.0;
				MTL_ENABLE_DEBUG_INFO = INCLUDE_SOURCE;
				MTL_FAST_MATH = YES;
				ONLY_ACTIVE_ARCH = YES;
				SDKROOT = iphoneos;
				SWIFT_ACTIVE_COMPILATION_CONDITIONS = DEBUG;
				SWIFT_OPTIMIZATION_LEVEL = "-Onone";
			};
			name = Debug;
		};
		0419CC7D270C1C4E00F871C2 /* Release */ = {
			isa = XCBuildConfiguration;
			buildSettings = {
				ALWAYS_SEARCH_USER_PATHS = NO;
				CLANG_ANALYZER_NONNULL = YES;
				CLANG_ANALYZER_NUMBER_OBJECT_CONVERSION = YES_AGGRESSIVE;
				CLANG_CXX_LANGUAGE_STANDARD = "gnu++17";
				CLANG_CXX_LIBRARY = "libc++";
				CLANG_ENABLE_MODULES = YES;
				CLANG_ENABLE_OBJC_ARC = YES;
				CLANG_ENABLE_OBJC_WEAK = YES;
				CLANG_WARN_BLOCK_CAPTURE_AUTORELEASING = YES;
				CLANG_WARN_BOOL_CONVERSION = YES;
				CLANG_WARN_COMMA = YES;
				CLANG_WARN_CONSTANT_CONVERSION = YES;
				CLANG_WARN_DEPRECATED_OBJC_IMPLEMENTATIONS = YES;
				CLANG_WARN_DIRECT_OBJC_ISA_USAGE = YES_ERROR;
				CLANG_WARN_DOCUMENTATION_COMMENTS = YES;
				CLANG_WARN_EMPTY_BODY = YES;
				CLANG_WARN_ENUM_CONVERSION = YES;
				CLANG_WARN_INFINITE_RECURSION = YES;
				CLANG_WARN_INT_CONVERSION = YES;
				CLANG_WARN_NON_LITERAL_NULL_CONVERSION = YES;
				CLANG_WARN_OBJC_IMPLICIT_RETAIN_SELF = YES;
				CLANG_WARN_OBJC_LITERAL_CONVERSION = YES;
				CLANG_WARN_OBJC_ROOT_CLASS = YES_ERROR;
				CLANG_WARN_QUOTED_INCLUDE_IN_FRAMEWORK_HEADER = YES;
				CLANG_WARN_RANGE_LOOP_ANALYSIS = YES;
				CLANG_WARN_STRICT_PROTOTYPES = YES;
				CLANG_WARN_SUSPICIOUS_MOVE = YES;
				CLANG_WARN_UNGUARDED_AVAILABILITY = YES_AGGRESSIVE;
				CLANG_WARN_UNREACHABLE_CODE = YES;
				CLANG_WARN__DUPLICATE_METHOD_MATCH = YES;
				COPY_PHASE_STRIP = NO;
				DEBUG_INFORMATION_FORMAT = "dwarf-with-dsym";
				ENABLE_NS_ASSERTIONS = NO;
				ENABLE_STRICT_OBJC_MSGSEND = YES;
				GCC_C_LANGUAGE_STANDARD = gnu11;
				GCC_NO_COMMON_BLOCKS = YES;
				GCC_WARN_64_TO_32_BIT_CONVERSION = YES;
				GCC_WARN_ABOUT_RETURN_TYPE = YES_ERROR;
				GCC_WARN_UNDECLARED_SELECTOR = YES;
				GCC_WARN_UNINITIALIZED_AUTOS = YES_AGGRESSIVE;
				GCC_WARN_UNUSED_FUNCTION = YES;
				GCC_WARN_UNUSED_VARIABLE = YES;
				IPHONEOS_DEPLOYMENT_TARGET = 15.0;
				MTL_ENABLE_DEBUG_INFO = NO;
				MTL_FAST_MATH = YES;
				SDKROOT = iphoneos;
				SWIFT_COMPILATION_MODE = wholemodule;
				SWIFT_OPTIMIZATION_LEVEL = "-O";
				VALIDATE_PRODUCT = YES;
			};
			name = Release;
		};
		0419CC7F270C1C4E00F871C2 /* Debug */ = {
			isa = XCBuildConfiguration;
			buildSettings = {
				ASSETCATALOG_COMPILER_APPICON_NAME = AppIcon;
				ASSETCATALOG_COMPILER_GLOBAL_ACCENT_COLOR_NAME = AccentColor;
				CODE_SIGN_STYLE = Automatic;
				CURRENT_PROJECT_VERSION = 1;
				DEVELOPMENT_TEAM = HQ9MZ38KLH;
				GENERATE_INFOPLIST_FILE = YES;
				INFOPLIST_FILE = Baemin_assignment/Info.plist;
				INFOPLIST_KEY_UIApplicationSupportsIndirectInputEvents = YES;
				INFOPLIST_KEY_UILaunchStoryboardName = LaunchScreen;
				INFOPLIST_KEY_UIMainStoryboardFile = Main;
				INFOPLIST_KEY_UISupportedInterfaceOrientations_iPad = "UIInterfaceOrientationPortrait UIInterfaceOrientationPortraitUpsideDown UIInterfaceOrientationLandscapeLeft UIInterfaceOrientationLandscapeRight";
				INFOPLIST_KEY_UISupportedInterfaceOrientations_iPhone = "UIInterfaceOrientationPortrait UIInterfaceOrientationLandscapeLeft UIInterfaceOrientationLandscapeRight";
				IPHONEOS_DEPLOYMENT_TARGET = 15.0;
				LD_RUNPATH_SEARCH_PATHS = (
					"$(inherited)",
					"@executable_path/Frameworks",
				);
				MARKETING_VERSION = 1.0;
				PRODUCT_BUNDLE_IDENTIFIER = "com.kokojong.Baemin-assignment";
				PRODUCT_NAME = "$(TARGET_NAME)";
				SWIFT_EMIT_LOC_STRINGS = YES;
				SWIFT_VERSION = 5.0;
				TARGETED_DEVICE_FAMILY = "1,2";
			};
			name = Debug;
		};
		0419CC80270C1C4E00F871C2 /* Release */ = {
			isa = XCBuildConfiguration;
			buildSettings = {
				ASSETCATALOG_COMPILER_APPICON_NAME = AppIcon;
				ASSETCATALOG_COMPILER_GLOBAL_ACCENT_COLOR_NAME = AccentColor;
				CODE_SIGN_STYLE = Automatic;
				CURRENT_PROJECT_VERSION = 1;
				DEVELOPMENT_TEAM = HQ9MZ38KLH;
				GENERATE_INFOPLIST_FILE = YES;
				INFOPLIST_FILE = Baemin_assignment/Info.plist;
				INFOPLIST_KEY_UIApplicationSupportsIndirectInputEvents = YES;
				INFOPLIST_KEY_UILaunchStoryboardName = LaunchScreen;
				INFOPLIST_KEY_UIMainStoryboardFile = Main;
				INFOPLIST_KEY_UISupportedInterfaceOrientations_iPad = "UIInterfaceOrientationPortrait UIInterfaceOrientationPortraitUpsideDown UIInterfaceOrientationLandscapeLeft UIInterfaceOrientationLandscapeRight";
				INFOPLIST_KEY_UISupportedInterfaceOrientations_iPhone = "UIInterfaceOrientationPortrait UIInterfaceOrientationLandscapeLeft UIInterfaceOrientationLandscapeRight";
				IPHONEOS_DEPLOYMENT_TARGET = 15.0;
				LD_RUNPATH_SEARCH_PATHS = (
					"$(inherited)",
					"@executable_path/Frameworks",
				);
				MARKETING_VERSION = 1.0;
				PRODUCT_BUNDLE_IDENTIFIER = "com.kokojong.Baemin-assignment";
				PRODUCT_NAME = "$(TARGET_NAME)";
				SWIFT_EMIT_LOC_STRINGS = YES;
				SWIFT_VERSION = 5.0;
				TARGETED_DEVICE_FAMILY = "1,2";
			};
			name = Release;
		};
/* End XCBuildConfiguration section */

/* Begin XCConfigurationList section */
		0419CC65270C1C4C00F871C2 /* Build configuration list for PBXProject "Baemin_assignment" */ = {
			isa = XCConfigurationList;
			buildConfigurations = (
				0419CC7C270C1C4E00F871C2 /* Debug */,
				0419CC7D270C1C4E00F871C2 /* Release */,
			);
			defaultConfigurationIsVisible = 0;
			defaultConfigurationName = Release;
		};
		0419CC7E270C1C4E00F871C2 /* Build configuration list for PBXNativeTarget "Baemin_assignment" */ = {
			isa = XCConfigurationList;
			buildConfigurations = (
				0419CC7F270C1C4E00F871C2 /* Debug */,
				0419CC80270C1C4E00F871C2 /* Release */,
			);
			defaultConfigurationIsVisible = 0;
			defaultConfigurationName = Release;
		};
/* End XCConfigurationList section */
	};
	rootObject = 0419CC62270C1C4C00F871C2 /* Project object */;
}
