// !$*UTF8*$!
{
	archiveVersion = 1;
	classes = {
	};
	objectVersion = 55;
	objects = {

/* Begin PBXBuildFile section */
		04E65FC32726446A00BC9707 /* AppDelegate.swift in Sources */ = {isa = PBXBuildFile; fileRef = 04E65FC22726446A00BC9707 /* AppDelegate.swift */; };
		04E65FC52726446A00BC9707 /* SceneDelegate.swift in Sources */ = {isa = PBXBuildFile; fileRef = 04E65FC42726446A00BC9707 /* SceneDelegate.swift */; };
		04E65FC72726446A00BC9707 /* ViewController.swift in Sources */ = {isa = PBXBuildFile; fileRef = 04E65FC62726446A00BC9707 /* ViewController.swift */; };
		04E65FCA2726446A00BC9707 /* Main.storyboard in Resources */ = {isa = PBXBuildFile; fileRef = 04E65FC82726446A00BC9707 /* Main.storyboard */; };
		04E65FCC2726446E00BC9707 /* Assets.xcassets in Resources */ = {isa = PBXBuildFile; fileRef = 04E65FCB2726446E00BC9707 /* Assets.xcassets */; };
		04E65FCF2726446E00BC9707 /* LaunchScreen.storyboard in Resources */ = {isa = PBXBuildFile; fileRef = 04E65FCD2726446E00BC9707 /* LaunchScreen.storyboard */; };
		04E65FD82726448500BC9707 /* Alamofire in Frameworks */ = {isa = PBXBuildFile; productRef = 04E65FD72726448500BC9707 /* Alamofire */; };
		04E65FDB2726451400BC9707 /* SwiftyJSON in Frameworks */ = {isa = PBXBuildFile; productRef = 04E65FDA2726451400BC9707 /* SwiftyJSON */; };
		04FECCC8272689CC00FEF9F7 /* WeatherViewController.swift in Sources */ = {isa = PBXBuildFile; fileRef = 04FECCC7272689CC00FEF9F7 /* WeatherViewController.swift */; };
		04FECCF22727928300FEF9F7 /* PapagoViewController.swift in Sources */ = {isa = PBXBuildFile; fileRef = 04FECCF12727928300FEF9F7 /* PapagoViewController.swift */; };
		04FECCFD2727D79A00FEF9F7 /* Kingfisher in Frameworks */ = {isa = PBXBuildFile; productRef = 04FECCFC2727D79A00FEF9F7 /* Kingfisher */; };
		04FECD052728D19100FEF9F7 /* Constants.swift in Sources */ = {isa = PBXBuildFile; fileRef = 04FECD042728D19100FEF9F7 /* Constants.swift */; };
		04FECD072728D33F00FEF9F7 /* TranslatedAPIManager.swift in Sources */ = {isa = PBXBuildFile; fileRef = 04FECD062728D33F00FEF9F7 /* TranslatedAPIManager.swift */; };
		04FECD092728E9F400FEF9F7 /* VisionViewController.swift in Sources */ = {isa = PBXBuildFile; fileRef = 04FECD082728E9F400FEF9F7 /* VisionViewController.swift */; };
		04FECD0B2728EC8000FEF9F7 /* VisionAPIManager.swift in Sources */ = {isa = PBXBuildFile; fileRef = 04FECD0A2728EC8000FEF9F7 /* VisionAPIManager.swift */; };
		04FECD0D2729258C00FEF9F7 /* WeatherAPIManager.swift in Sources */ = {isa = PBXBuildFile; fileRef = 04FECD0C2729258C00FEF9F7 /* WeatherAPIManager.swift */; };
		04FECD0F2729313200FEF9F7 /* OCRViewController.swift in Sources */ = {isa = PBXBuildFile; fileRef = 04FECD0E2729313200FEF9F7 /* OCRViewController.swift */; };
		04FECD11272932CE00FEF9F7 /* OCR_APIManager.swift in Sources */ = {isa = PBXBuildFile; fileRef = 04FECD10272932CE00FEF9F7 /* OCR_APIManager.swift */; };
/* End PBXBuildFile section */

/* Begin PBXFileReference section */
		04E65FBF2726446A00BC9707 /* SeSAC_week5_network.app */ = {isa = PBXFileReference; explicitFileType = wrapper.application; includeInIndex = 0; path = SeSAC_week5_network.app; sourceTree = BUILT_PRODUCTS_DIR; };
		04E65FC22726446A00BC9707 /* AppDelegate.swift */ = {isa = PBXFileReference; lastKnownFileType = sourcecode.swift; path = AppDelegate.swift; sourceTree = "<group>"; };
		04E65FC42726446A00BC9707 /* SceneDelegate.swift */ = {isa = PBXFileReference; lastKnownFileType = sourcecode.swift; path = SceneDelegate.swift; sourceTree = "<group>"; };
		04E65FC62726446A00BC9707 /* ViewController.swift */ = {isa = PBXFileReference; lastKnownFileType = sourcecode.swift; path = ViewController.swift; sourceTree = "<group>"; };
		04E65FC92726446A00BC9707 /* Base */ = {isa = PBXFileReference; lastKnownFileType = file.storyboard; name = Base; path = Base.lproj/Main.storyboard; sourceTree = "<group>"; };
		04E65FCB2726446E00BC9707 /* Assets.xcassets */ = {isa = PBXFileReference; lastKnownFileType = folder.assetcatalog; path = Assets.xcassets; sourceTree = "<group>"; };
		04E65FCE2726446E00BC9707 /* Base */ = {isa = PBXFileReference; lastKnownFileType = file.storyboard; name = Base; path = Base.lproj/LaunchScreen.storyboard; sourceTree = "<group>"; };
		04E65FD02726446E00BC9707 /* Info.plist */ = {isa = PBXFileReference; lastKnownFileType = text.plist.xml; path = Info.plist; sourceTree = "<group>"; };
		04FECCC7272689CC00FEF9F7 /* WeatherViewController.swift */ = {isa = PBXFileReference; lastKnownFileType = sourcecode.swift; path = WeatherViewController.swift; sourceTree = "<group>"; };
		04FECCF12727928300FEF9F7 /* PapagoViewController.swift */ = {isa = PBXFileReference; lastKnownFileType = sourcecode.swift; path = PapagoViewController.swift; sourceTree = "<group>"; };
		04FECD042728D19100FEF9F7 /* Constants.swift */ = {isa = PBXFileReference; lastKnownFileType = sourcecode.swift; path = Constants.swift; sourceTree = "<group>"; };
		04FECD062728D33F00FEF9F7 /* TranslatedAPIManager.swift */ = {isa = PBXFileReference; lastKnownFileType = sourcecode.swift; path = TranslatedAPIManager.swift; sourceTree = "<group>"; };
		04FECD082728E9F400FEF9F7 /* VisionViewController.swift */ = {isa = PBXFileReference; lastKnownFileType = sourcecode.swift; path = VisionViewController.swift; sourceTree = "<group>"; };
		04FECD0A2728EC8000FEF9F7 /* VisionAPIManager.swift */ = {isa = PBXFileReference; lastKnownFileType = sourcecode.swift; path = VisionAPIManager.swift; sourceTree = "<group>"; };
		04FECD0C2729258C00FEF9F7 /* WeatherAPIManager.swift */ = {isa = PBXFileReference; lastKnownFileType = sourcecode.swift; path = WeatherAPIManager.swift; sourceTree = "<group>"; };
		04FECD0E2729313200FEF9F7 /* OCRViewController.swift */ = {isa = PBXFileReference; lastKnownFileType = sourcecode.swift; path = OCRViewController.swift; sourceTree = "<group>"; };
		04FECD10272932CE00FEF9F7 /* OCR_APIManager.swift */ = {isa = PBXFileReference; lastKnownFileType = sourcecode.swift; path = OCR_APIManager.swift; sourceTree = "<group>"; };
/* End PBXFileReference section */

/* Begin PBXFrameworksBuildPhase section */
		04E65FBC2726446A00BC9707 /* Frameworks */ = {
			isa = PBXFrameworksBuildPhase;
			buildActionMask = 2147483647;
			files = (
				04FECCFD2727D79A00FEF9F7 /* Kingfisher in Frameworks */,
				04E65FDB2726451400BC9707 /* SwiftyJSON in Frameworks */,
				04E65FD82726448500BC9707 /* Alamofire in Frameworks */,
			);
			runOnlyForDeploymentPostprocessing = 0;
		};
/* End PBXFrameworksBuildPhase section */

/* Begin PBXGroup section */
		04E65FB62726446A00BC9707 = {
			isa = PBXGroup;
			children = (
				04E65FC12726446A00BC9707 /* SeSAC_week5_network */,
				04E65FC02726446A00BC9707 /* Products */,
			);
			sourceTree = "<group>";
		};
		04E65FC02726446A00BC9707 /* Products */ = {
			isa = PBXGroup;
			children = (
				04E65FBF2726446A00BC9707 /* SeSAC_week5_network.app */,
			);
			name = Products;
			sourceTree = "<group>";
		};
		04E65FC12726446A00BC9707 /* SeSAC_week5_network */ = {
			isa = PBXGroup;
			children = (
				04E65FC22726446A00BC9707 /* AppDelegate.swift */,
				04E65FC42726446A00BC9707 /* SceneDelegate.swift */,
				04E65FC82726446A00BC9707 /* Main.storyboard */,
				04FECD042728D19100FEF9F7 /* Constants.swift */,
				04FECD19272993CD00FEF9F7 /* VC */,
				04FECD18272993A800FEF9F7 /* APIManager */,
				04E65FCB2726446E00BC9707 /* Assets.xcassets */,
				04E65FCD2726446E00BC9707 /* LaunchScreen.storyboard */,
				04E65FD02726446E00BC9707 /* Info.plist */,
			);
			path = SeSAC_week5_network;
			sourceTree = "<group>";
		};
		04FECD18272993A800FEF9F7 /* APIManager */ = {
			isa = PBXGroup;
			children = (
				04FECD0C2729258C00FEF9F7 /* WeatherAPIManager.swift */,
				04FECD0A2728EC8000FEF9F7 /* VisionAPIManager.swift */,
				04FECD062728D33F00FEF9F7 /* TranslatedAPIManager.swift */,
				04FECD10272932CE00FEF9F7 /* OCR_APIManager.swift */,
			);
			path = APIManager;
			sourceTree = "<group>";
		};
		04FECD19272993CD00FEF9F7 /* VC */ = {
			isa = PBXGroup;
			children = (
				04E65FC62726446A00BC9707 /* ViewController.swift */,
				04FECD0E2729313200FEF9F7 /* OCRViewController.swift */,
				04FECD082728E9F400FEF9F7 /* VisionViewController.swift */,
				04FECCF12727928300FEF9F7 /* PapagoViewController.swift */,
				04FECCC7272689CC00FEF9F7 /* WeatherViewController.swift */,
			);
			path = VC;
			sourceTree = "<group>";
		};
/* End PBXGroup section */

/* Begin PBXNativeTarget section */
		04E65FBE2726446A00BC9707 /* SeSAC_week5_network */ = {
			isa = PBXNativeTarget;
			buildConfigurationList = 04E65FD32726446E00BC9707 /* Build configuration list for PBXNativeTarget "SeSAC_week5_network" */;
			buildPhases = (
				04E65FBB2726446A00BC9707 /* Sources */,
				04E65FBC2726446A00BC9707 /* Frameworks */,
				04E65FBD2726446A00BC9707 /* Resources */,
			);
			buildRules = (
			);
			dependencies = (
			);
			name = SeSAC_week5_network;
			packageProductDependencies = (
				04E65FD72726448500BC9707 /* Alamofire */,
				04E65FDA2726451400BC9707 /* SwiftyJSON */,
				04FECCFC2727D79A00FEF9F7 /* Kingfisher */,
			);
			productName = SeSAC_week5_network;
			productReference = 04E65FBF2726446A00BC9707 /* SeSAC_week5_network.app */;
			productType = "com.apple.product-type.application";
		};
/* End PBXNativeTarget section */

/* Begin PBXProject section */
		04E65FB72726446A00BC9707 /* Project object */ = {
			isa = PBXProject;
			attributes = {
				BuildIndependentTargetsInParallel = 1;
				LastSwiftUpdateCheck = 1300;
				LastUpgradeCheck = 1300;
				TargetAttributes = {
					04E65FBE2726446A00BC9707 = {
						CreatedOnToolsVersion = 13.0;
					};
				};
			};
			buildConfigurationList = 04E65FBA2726446A00BC9707 /* Build configuration list for PBXProject "SeSAC_week5_network" */;
			compatibilityVersion = "Xcode 13.0";
			developmentRegion = en;
			hasScannedForEncodings = 0;
			knownRegions = (
				en,
				Base,
			);
			mainGroup = 04E65FB62726446A00BC9707;
			packageReferences = (
				04E65FD62726448500BC9707 /* XCRemoteSwiftPackageReference "Alamofire" */,
				04E65FD92726451400BC9707 /* XCRemoteSwiftPackageReference "SwiftyJSON" */,
				04FECCFB2727D79A00FEF9F7 /* XCRemoteSwiftPackageReference "Kingfisher" */,
			);
			productRefGroup = 04E65FC02726446A00BC9707 /* Products */;
			projectDirPath = "";
			projectRoot = "";
			targets = (
				04E65FBE2726446A00BC9707 /* SeSAC_week5_network */,
			);
		};
/* End PBXProject section */

/* Begin PBXResourcesBuildPhase section */
		04E65FBD2726446A00BC9707 /* Resources */ = {
			isa = PBXResourcesBuildPhase;
			buildActionMask = 2147483647;
			files = (
				04E65FCF2726446E00BC9707 /* LaunchScreen.storyboard in Resources */,
				04E65FCC2726446E00BC9707 /* Assets.xcassets in Resources */,
				04E65FCA2726446A00BC9707 /* Main.storyboard in Resources */,
			);
			runOnlyForDeploymentPostprocessing = 0;
		};
/* End PBXResourcesBuildPhase section */

/* Begin PBXSourcesBuildPhase section */
		04E65FBB2726446A00BC9707 /* Sources */ = {
			isa = PBXSourcesBuildPhase;
			buildActionMask = 2147483647;
			files = (
				04E65FC72726446A00BC9707 /* ViewController.swift in Sources */,
				04FECCC8272689CC00FEF9F7 /* WeatherViewController.swift in Sources */,
				04FECCF22727928300FEF9F7 /* PapagoViewController.swift in Sources */,
				04FECD11272932CE00FEF9F7 /* OCR_APIManager.swift in Sources */,
				04FECD0D2729258C00FEF9F7 /* WeatherAPIManager.swift in Sources */,
				04E65FC32726446A00BC9707 /* AppDelegate.swift in Sources */,
				04FECD0F2729313200FEF9F7 /* OCRViewController.swift in Sources */,
				04FECD092728E9F400FEF9F7 /* VisionViewController.swift in Sources */,
				04FECD0B2728EC8000FEF9F7 /* VisionAPIManager.swift in Sources */,
				04E65FC52726446A00BC9707 /* SceneDelegate.swift in Sources */,
				04FECD072728D33F00FEF9F7 /* TranslatedAPIManager.swift in Sources */,
				04FECD052728D19100FEF9F7 /* Constants.swift in Sources */,
			);
			runOnlyForDeploymentPostprocessing = 0;
		};
/* End PBXSourcesBuildPhase section */

/* Begin PBXVariantGroup section */
		04E65FC82726446A00BC9707 /* Main.storyboard */ = {
			isa = PBXVariantGroup;
			children = (
				04E65FC92726446A00BC9707 /* Base */,
			);
			name = Main.storyboard;
			sourceTree = "<group>";
		};
		04E65FCD2726446E00BC9707 /* LaunchScreen.storyboard */ = {
			isa = PBXVariantGroup;
			children = (
				04E65FCE2726446E00BC9707 /* Base */,
			);
			name = LaunchScreen.storyboard;
			sourceTree = "<group>";
		};
/* End PBXVariantGroup section */

/* Begin XCBuildConfiguration section */
		04E65FD12726446E00BC9707 /* Debug */ = {
			isa = XCBuildConfiguration;
			buildSettings = {
				ALWAYS_SEARCH_USER_PATHS = NO;
				CLANG_ANALYZER_NONNULL = YES;
				CLANG_ANALYZER_NUMBER_OBJECT_CONVERSION = YES_AGGRESSIVE;
				CLANG_CXX_LANGUAGE_STANDARD = "gnu++17";
				CLANG_CXX_LIBRARY = "libc++";
				CLANG_ENABLE_MODULES = YES;
				CLANG_ENABLE_OBJC_ARC = YES;
				CLANG_ENABLE_OBJC_WEAK = YES;
				CLANG_WARN_BLOCK_CAPTURE_AUTORELEASING = YES;
				CLANG_WARN_BOOL_CONVERSION = YES;
				CLANG_WARN_COMMA = YES;
				CLANG_WARN_CONSTANT_CONVERSION = YES;
				CLANG_WARN_DEPRECATED_OBJC_IMPLEMENTATIONS = YES;
				CLANG_WARN_DIRECT_OBJC_ISA_USAGE = YES_ERROR;
				CLANG_WARN_DOCUMENTATION_COMMENTS = YES;
				CLANG_WARN_EMPTY_BODY = YES;
				CLANG_WARN_ENUM_CONVERSION = YES;
				CLANG_WARN_INFINITE_RECURSION = YES;
				CLANG_WARN_INT_CONVERSION = YES;
				CLANG_WARN_NON_LITERAL_NULL_CONVERSION = YES;
				CLANG_WARN_OBJC_IMPLICIT_RETAIN_SELF = YES;
				CLANG_WARN_OBJC_LITERAL_CONVERSION = YES;
				CLANG_WARN_OBJC_ROOT_CLASS = YES_ERROR;
				CLANG_WARN_QUOTED_INCLUDE_IN_FRAMEWORK_HEADER = YES;
				CLANG_WARN_RANGE_LOOP_ANALYSIS = YES;
				CLANG_WARN_STRICT_PROTOTYPES = YES;
				CLANG_WARN_SUSPICIOUS_MOVE = YES;
				CLANG_WARN_UNGUARDED_AVAILABILITY = YES_AGGRESSIVE;
				CLANG_WARN_UNREACHABLE_CODE = YES;
				CLANG_WARN__DUPLICATE_METHOD_MATCH = YES;
				COPY_PHASE_STRIP = NO;
				DEBUG_INFORMATION_FORMAT = dwarf;
				ENABLE_STRICT_OBJC_MSGSEND = YES;
				ENABLE_TESTABILITY = YES;
				GCC_C_LANGUAGE_STANDARD = gnu11;
				GCC_DYNAMIC_NO_PIC = NO;
				GCC_NO_COMMON_BLOCKS = YES;
				GCC_OPTIMIZATION_LEVEL = 0;
				GCC_PREPROCESSOR_DEFINITIONS = (
					"DEBUG=1",
					"$(inherited)",
				);
				GCC_WARN_64_TO_32_BIT_CONVERSION = YES;
				GCC_WARN_ABOUT_RETURN_TYPE = YES_ERROR;
				GCC_WARN_UNDECLARED_SELECTOR = YES;
				GCC_WARN_UNINITIALIZED_AUTOS = YES_AGGRESSIVE;
				GCC_WARN_UNUSED_FUNCTION = YES;
				GCC_WARN_UNUSED_VARIABLE = YES;
				IPHONEOS_DEPLOYMENT_TARGET = 15.0;
				MTL_ENABLE_DEBUG_INFO = INCLUDE_SOURCE;
				MTL_FAST_MATH = YES;
				ONLY_ACTIVE_ARCH = YES;
				SDKROOT = iphoneos;
				SWIFT_ACTIVE_COMPILATION_CONDITIONS = DEBUG;
				SWIFT_OPTIMIZATION_LEVEL = "-Onone";
			};
			name = Debug;
		};
		04E65FD22726446E00BC9707 /* Release */ = {
			isa = XCBuildConfiguration;
			buildSettings = {
				ALWAYS_SEARCH_USER_PATHS = NO;
				CLANG_ANALYZER_NONNULL = YES;
				CLANG_ANALYZER_NUMBER_OBJECT_CONVERSION = YES_AGGRESSIVE;
				CLANG_CXX_LANGUAGE_STANDARD = "gnu++17";
				CLANG_CXX_LIBRARY = "libc++";
				CLANG_ENABLE_MODULES = YES;
				CLANG_ENABLE_OBJC_ARC = YES;
				CLANG_ENABLE_OBJC_WEAK = YES;
				CLANG_WARN_BLOCK_CAPTURE_AUTORELEASING = YES;
				CLANG_WARN_BOOL_CONVERSION = YES;
				CLANG_WARN_COMMA = YES;
				CLANG_WARN_CONSTANT_CONVERSION = YES;
				CLANG_WARN_DEPRECATED_OBJC_IMPLEMENTATIONS = YES;
				CLANG_WARN_DIRECT_OBJC_ISA_USAGE = YES_ERROR;
				CLANG_WARN_DOCUMENTATION_COMMENTS = YES;
				CLANG_WARN_EMPTY_BODY = YES;
				CLANG_WARN_ENUM_CONVERSION = YES;
				CLANG_WARN_INFINITE_RECURSION = YES;
				CLANG_WARN_INT_CONVERSION = YES;
				CLANG_WARN_NON_LITERAL_NULL_CONVERSION = YES;
				CLANG_WARN_OBJC_IMPLICIT_RETAIN_SELF = YES;
				CLANG_WARN_OBJC_LITERAL_CONVERSION = YES;
				CLANG_WARN_OBJC_ROOT_CLASS = YES_ERROR;
				CLANG_WARN_QUOTED_INCLUDE_IN_FRAMEWORK_HEADER = YES;
				CLANG_WARN_RANGE_LOOP_ANALYSIS = YES;
				CLANG_WARN_STRICT_PROTOTYPES = YES;
				CLANG_WARN_SUSPICIOUS_MOVE = YES;
				CLANG_WARN_UNGUARDED_AVAILABILITY = YES_AGGRESSIVE;
				CLANG_WARN_UNREACHABLE_CODE = YES;
				CLANG_WARN__DUPLICATE_METHOD_MATCH = YES;
				COPY_PHASE_STRIP = NO;
				DEBUG_INFORMATION_FORMAT = "dwarf-with-dsym";
				ENABLE_NS_ASSERTIONS = NO;
				ENABLE_STRICT_OBJC_MSGSEND = YES;
				GCC_C_LANGUAGE_STANDARD = gnu11;
				GCC_NO_COMMON_BLOCKS = YES;
				GCC_WARN_64_TO_32_BIT_CONVERSION = YES;
				GCC_WARN_ABOUT_RETURN_TYPE = YES_ERROR;
				GCC_WARN_UNDECLARED_SELECTOR = YES;
				GCC_WARN_UNINITIALIZED_AUTOS = YES_AGGRESSIVE;
				GCC_WARN_UNUSED_FUNCTION = YES;
				GCC_WARN_UNUSED_VARIABLE = YES;
				IPHONEOS_DEPLOYMENT_TARGET = 15.0;
				MTL_ENABLE_DEBUG_INFO = NO;
				MTL_FAST_MATH = YES;
				SDKROOT = iphoneos;
				SWIFT_COMPILATION_MODE = wholemodule;
				SWIFT_OPTIMIZATION_LEVEL = "-O";
				VALIDATE_PRODUCT = YES;
			};
			name = Release;
		};
		04E65FD42726446E00BC9707 /* Debug */ = {
			isa = XCBuildConfiguration;
			buildSettings = {
				ASSETCATALOG_COMPILER_APPICON_NAME = AppIcon;
				ASSETCATALOG_COMPILER_GLOBAL_ACCENT_COLOR_NAME = AccentColor;
				CODE_SIGN_STYLE = Automatic;
				CURRENT_PROJECT_VERSION = 1;
				DEVELOPMENT_TEAM = HQ9MZ38KLH;
				GENERATE_INFOPLIST_FILE = YES;
				INFOPLIST_FILE = SeSAC_week5_network/Info.plist;
				INFOPLIST_KEY_UIApplicationSupportsIndirectInputEvents = YES;
				INFOPLIST_KEY_UILaunchStoryboardName = LaunchScreen;
				INFOPLIST_KEY_UIMainStoryboardFile = Main;
				INFOPLIST_KEY_UISupportedInterfaceOrientations_iPad = "UIInterfaceOrientationPortrait UIInterfaceOrientationPortraitUpsideDown UIInterfaceOrientationLandscapeLeft UIInterfaceOrientationLandscapeRight";
				INFOPLIST_KEY_UISupportedInterfaceOrientations_iPhone = "UIInterfaceOrientationPortrait UIInterfaceOrientationLandscapeLeft UIInterfaceOrientationLandscapeRight";
				LD_RUNPATH_SEARCH_PATHS = (
					"$(inherited)",
					"@executable_path/Frameworks",
				);
				MARKETING_VERSION = 1.0;
				PRODUCT_BUNDLE_IDENTIFIER = "com.kokojong.SeSAC-week5-network";
				PRODUCT_NAME = "$(TARGET_NAME)";
				SWIFT_EMIT_LOC_STRINGS = YES;
				SWIFT_VERSION = 5.0;
				TARGETED_DEVICE_FAMILY = "1,2";
			};
			name = Debug;
		};
		04E65FD52726446E00BC9707 /* Release */ = {
			isa = XCBuildConfiguration;
			buildSettings = {
				ASSETCATALOG_COMPILER_APPICON_NAME = AppIcon;
				ASSETCATALOG_COMPILER_GLOBAL_ACCENT_COLOR_NAME = AccentColor;
				CODE_SIGN_STYLE = Automatic;
				CURRENT_PROJECT_VERSION = 1;
				DEVELOPMENT_TEAM = HQ9MZ38KLH;
				GENERATE_INFOPLIST_FILE = YES;
				INFOPLIST_FILE = SeSAC_week5_network/Info.plist;
				INFOPLIST_KEY_UIApplicationSupportsIndirectInputEvents = YES;
				INFOPLIST_KEY_UILaunchStoryboardName = LaunchScreen;
				INFOPLIST_KEY_UIMainStoryboardFile = Main;
				INFOPLIST_KEY_UISupportedInterfaceOrientations_iPad = "UIInterfaceOrientationPortrait UIInterfaceOrientationPortraitUpsideDown UIInterfaceOrientationLandscapeLeft UIInterfaceOrientationLandscapeRight";
				INFOPLIST_KEY_UISupportedInterfaceOrientations_iPhone = "UIInterfaceOrientationPortrait UIInterfaceOrientationLandscapeLeft UIInterfaceOrientationLandscapeRight";
				LD_RUNPATH_SEARCH_PATHS = (
					"$(inherited)",
					"@executable_path/Frameworks",
				);
				MARKETING_VERSION = 1.0;
				PRODUCT_BUNDLE_IDENTIFIER = "com.kokojong.SeSAC-week5-network";
				PRODUCT_NAME = "$(TARGET_NAME)";
				SWIFT_EMIT_LOC_STRINGS = YES;
				SWIFT_VERSION = 5.0;
				TARGETED_DEVICE_FAMILY = "1,2";
			};
			name = Release;
		};
/* End XCBuildConfiguration section */

/* Begin XCConfigurationList section */
		04E65FBA2726446A00BC9707 /* Build configuration list for PBXProject "SeSAC_week5_network" */ = {
			isa = XCConfigurationList;
			buildConfigurations = (
				04E65FD12726446E00BC9707 /* Debug */,
				04E65FD22726446E00BC9707 /* Release */,
			);
			defaultConfigurationIsVisible = 0;
			defaultConfigurationName = Release;
		};
		04E65FD32726446E00BC9707 /* Build configuration list for PBXNativeTarget "SeSAC_week5_network" */ = {
			isa = XCConfigurationList;
			buildConfigurations = (
				04E65FD42726446E00BC9707 /* Debug */,
				04E65FD52726446E00BC9707 /* Release */,
			);
			defaultConfigurationIsVisible = 0;
			defaultConfigurationName = Release;
		};
/* End XCConfigurationList section */

/* Begin XCRemoteSwiftPackageReference section */
		04E65FD62726448500BC9707 /* XCRemoteSwiftPackageReference "Alamofire" */ = {
			isa = XCRemoteSwiftPackageReference;
			repositoryURL = "https://github.com/Alamofire/Alamofire.git";
			requirement = {
				kind = upToNextMajorVersion;
				minimumVersion = 5.0.0;
			};
		};
		04E65FD92726451400BC9707 /* XCRemoteSwiftPackageReference "SwiftyJSON" */ = {
			isa = XCRemoteSwiftPackageReference;
			repositoryURL = "https://github.com/SwiftyJSON/SwiftyJSON.git";
			requirement = {
				kind = versionRange;
				maximumVersion = 5.0.1;
				minimumVersion = 5.0.0;
			};
		};
		04FECCFB2727D79A00FEF9F7 /* XCRemoteSwiftPackageReference "Kingfisher" */ = {
			isa = XCRemoteSwiftPackageReference;
			repositoryURL = "https://github.com/onevcat/Kingfisher.git";
			requirement = {
				kind = upToNextMajorVersion;
				minimumVersion = 7.0.0;
			};
		};
/* End XCRemoteSwiftPackageReference section */

/* Begin XCSwiftPackageProductDependency section */
		04E65FD72726448500BC9707 /* Alamofire */ = {
			isa = XCSwiftPackageProductDependency;
			package = 04E65FD62726448500BC9707 /* XCRemoteSwiftPackageReference "Alamofire" */;
			productName = Alamofire;
		};
		04E65FDA2726451400BC9707 /* SwiftyJSON */ = {
			isa = XCSwiftPackageProductDependency;
			package = 04E65FD92726451400BC9707 /* XCRemoteSwiftPackageReference "SwiftyJSON" */;
			productName = SwiftyJSON;
		};
		04FECCFC2727D79A00FEF9F7 /* Kingfisher */ = {
			isa = XCSwiftPackageProductDependency;
			package = 04FECCFB2727D79A00FEF9F7 /* XCRemoteSwiftPackageReference "Kingfisher" */;
			productName = Kingfisher;
		};
/* End XCSwiftPackageProductDependency section */
	};
	rootObject = 04E65FB72726446A00BC9707 /* Project object */;
}
